{
  "version": 4,
  "terraform_version": "0.12.24",
  "serial": 1386,
  "lineage": "a7dd2240-7020-bbb5-43cd-661fea0f9fa2",
  "outputs": {
    "Grafana_URL": {
      "value": "http://3.138.119.88:3000",
      "type": "string"
    },
    "Prometheus_URL": {
      "value": "http://3.138.119.88:9090",
      "type": "string"
    },
    "alb_address": {
      "value": "alb-1748355132.us-east-2.elb.amazonaws.com",
      "type": "string"
    },
    "name_servers": {
      "value": [
        "ns-1127.awsdns-12.org",
        "ns-126.awsdns-15.com",
        "ns-1550.awsdns-01.co.uk",
        "ns-852.awsdns-42.net"
      ],
      "type": [
        "list",
        "string"
      ]
    }
  },
  "resources": [
    {
      "mode": "data",
      "type": "aws_instances",
      "name": "web_instances_a",
      "provider": "provider.aws",
      "instances": [
        {
          "schema_version": 0,
          "attributes": {
            "filter": null,
            "id": "us-east-2",
            "ids": [
              "i-09cf3ba43ee3c5772",
              "i-01592e0a025d5fb31"
            ],
            "instance_state_names": [
              "running"
            ],
            "instance_tags": {
              "Role": "WebServer"
            },
            "private_ips": [
              "10.0.142.241",
              "10.0.158.163"
            ],
            "public_ips": [
              "3.139.79.18",
              "3.139.92.113"
            ]
          }
        }
      ]
    },
    {
      "mode": "data",
      "type": "aws_instances",
      "name": "web_instances_b",
      "provider": "provider.aws",
      "instances": [
        {
          "schema_version": 0,
          "attributes": {
            "filter": null,
            "id": "us-east-2",
            "ids": [
              "i-09cf3ba43ee3c5772",
              "i-01592e0a025d5fb31"
            ],
            "instance_state_names": [
              "running"
            ],
            "instance_tags": {
              "Role": "WebServer"
            },
            "private_ips": [
              "10.0.142.241",
              "10.0.158.163"
            ],
            "public_ips": [
              "3.139.79.18",
              "3.139.92.113"
            ]
          }
        }
      ]
    },
    {
      "mode": "managed",
      "type": "aws_alb",
      "name": "alb",
      "provider": "provider.aws",
      "instances": [
        {
          "schema_version": 0,
          "attributes": {
            "access_logs": [
              {
                "bucket": "",
                "enabled": false,
                "prefix": ""
              }
            ],
            "arn": "arn:aws:elasticloadbalancing:us-east-2:999329133891:loadbalancer/app/alb/92c74e21a88753fe",
            "arn_suffix": "app/alb/92c74e21a88753fe",
            "customer_owned_ipv4_pool": "",
            "dns_name": "alb-1748355132.us-east-2.elb.amazonaws.com",
            "drop_invalid_header_fields": false,
            "enable_cross_zone_load_balancing": null,
            "enable_deletion_protection": false,
            "enable_http2": true,
            "id": "arn:aws:elasticloadbalancing:us-east-2:999329133891:loadbalancer/app/alb/92c74e21a88753fe",
            "idle_timeout": 60,
            "internal": false,
            "ip_address_type": "ipv4",
            "load_balancer_type": "application",
            "name": "alb",
            "name_prefix": null,
            "security_groups": [
              "sg-04fa3a9d09af59d2e"
            ],
            "subnet_mapping": [
              {
                "allocation_id": "",
                "outpost_id": "",
                "private_ipv4_address": "",
                "subnet_id": "subnet-07440fce9352b1cf9"
              },
              {
                "allocation_id": "",
                "outpost_id": "",
                "private_ipv4_address": "",
                "subnet_id": "subnet-0f0b67115767a1422"
              }
            ],
            "subnets": [
              "subnet-07440fce9352b1cf9",
              "subnet-0f0b67115767a1422"
            ],
            "tags": null,
            "timeouts": null,
            "vpc_id": "vpc-0745cb7a142b984eb",
            "zone_id": "Z3AADJGX6KTTL2"
          },
          "private": "eyJlMmJmYjczMC1lY2FhLTExZTYtOGY4OC0zNDM2M2JjN2M0YzAiOnsiY3JlYXRlIjo2MDAwMDAwMDAwMDAsImRlbGV0ZSI6NjAwMDAwMDAwMDAwLCJ1cGRhdGUiOjYwMDAwMDAwMDAwMH19",
          "dependencies": [
            "aws_security_group.web_access",
            "aws_subnet.subnet_public_az_a",
            "aws_subnet.subnet_public_az_b",
            "aws_vpc.vpc"
          ]
        }
      ]
    },
    {
      "mode": "managed",
      "type": "aws_alb_listener",
      "name": "alb_listener_http",
      "provider": "provider.aws",
      "instances": [
        {
          "schema_version": 0,
          "attributes": {
            "arn": "arn:aws:elasticloadbalancing:us-east-2:999329133891:listener/app/alb/92c74e21a88753fe/06a2f49aa7a3dd17",
            "certificate_arn": null,
            "default_action": [
              {
                "authenticate_cognito": [],
                "authenticate_oidc": [],
                "fixed_response": [],
                "forward": [],
                "order": 1,
                "redirect": [],
                "target_group_arn": "arn:aws:elasticloadbalancing:us-east-2:999329133891:targetgroup/target-group-http/a77e8bb9626c2870",
                "type": "forward"
              }
            ],
            "id": "arn:aws:elasticloadbalancing:us-east-2:999329133891:listener/app/alb/92c74e21a88753fe/06a2f49aa7a3dd17",
            "load_balancer_arn": "arn:aws:elasticloadbalancing:us-east-2:999329133891:loadbalancer/app/alb/92c74e21a88753fe",
            "port": 8080,
            "protocol": "HTTP",
            "ssl_policy": "",
            "timeouts": null
          },
          "private": "eyJlMmJmYjczMC1lY2FhLTExZTYtOGY4OC0zNDM2M2JjN2M0YzAiOnsicmVhZCI6NjAwMDAwMDAwMDAwfX0=",
          "dependencies": [
            "aws_alb.alb",
            "aws_alb_target_group.alb_target_group_http",
            "aws_security_group.web_access",
            "aws_subnet.subnet_public_az_a",
            "aws_subnet.subnet_public_az_b",
            "aws_vpc.vpc"
          ]
        }
      ]
    },
    {
      "mode": "managed",
      "type": "aws_alb_listener",
      "name": "alb_listener_https",
      "provider": "provider.aws",
      "instances": [
        {
          "schema_version": 0,
          "attributes": {
            "arn": "arn:aws:elasticloadbalancing:us-east-2:999329133891:listener/app/alb/92c74e21a88753fe/5d5cb5a28acb33e3",
            "certificate_arn": "arn:aws:acm:us-east-2:999329133891:certificate/824b5548-b89c-4402-b604-03dac6062dd9",
            "default_action": [
              {
                "authenticate_cognito": [],
                "authenticate_oidc": [],
                "fixed_response": [],
                "forward": [],
                "order": 1,
                "redirect": [],
                "target_group_arn": "arn:aws:elasticloadbalancing:us-east-2:999329133891:targetgroup/target-group-http/a77e8bb9626c2870",
                "type": "forward"
              }
            ],
            "id": "arn:aws:elasticloadbalancing:us-east-2:999329133891:listener/app/alb/92c74e21a88753fe/5d5cb5a28acb33e3",
            "load_balancer_arn": "arn:aws:elasticloadbalancing:us-east-2:999329133891:loadbalancer/app/alb/92c74e21a88753fe",
            "port": 443,
            "protocol": "HTTPS",
            "ssl_policy": "ELBSecurityPolicy-2016-08",
            "timeouts": null
          },
          "private": "eyJlMmJmYjczMC1lY2FhLTExZTYtOGY4OC0zNDM2M2JjN2M0YzAiOnsicmVhZCI6NjAwMDAwMDAwMDAwfX0=",
          "dependencies": [
            "aws_alb.alb",
            "aws_alb_target_group.alb_target_group_http",
            "aws_security_group.web_access",
            "aws_subnet.subnet_public_az_a",
            "aws_subnet.subnet_public_az_b",
            "aws_vpc.vpc"
          ]
        }
      ]
    },
    {
      "mode": "managed",
      "type": "aws_alb_listener_rule",
      "name": "listener_rule_http",
      "provider": "provider.aws",
      "instances": [
        {
          "schema_version": 0,
          "attributes": {
            "action": [
              {
                "authenticate_cognito": [],
                "authenticate_oidc": [],
                "fixed_response": [],
                "forward": [],
                "order": 1,
                "redirect": [],
                "target_group_arn": "arn:aws:elasticloadbalancing:us-east-2:999329133891:targetgroup/target-group-http/a77e8bb9626c2870",
                "type": "forward"
              }
            ],
            "arn": "arn:aws:elasticloadbalancing:us-east-2:999329133891:listener-rule/app/alb/92c74e21a88753fe/5d5cb5a28acb33e3/ac2ba8c5afc89f3a",
            "condition": [
              {
                "host_header": [
                  {
                    "values": [
                      "www.ovpdevops.xyz"
                    ]
                  }
                ],
                "http_header": [],
                "http_request_method": [],
                "path_pattern": [],
                "query_string": [],
                "source_ip": []
              }
            ],
            "id": "arn:aws:elasticloadbalancing:us-east-2:999329133891:listener-rule/app/alb/92c74e21a88753fe/5d5cb5a28acb33e3/ac2ba8c5afc89f3a",
            "listener_arn": "arn:aws:elasticloadbalancing:us-east-2:999329133891:listener/app/alb/92c74e21a88753fe/5d5cb5a28acb33e3",
            "priority": 1
          },
          "private": "bnVsbA==",
          "dependencies": [
            "aws_alb.alb",
            "aws_alb_listener.alb_listener_https",
            "aws_alb_target_group.alb_target_group_http",
            "aws_security_group.web_access",
            "aws_subnet.subnet_public_az_a",
            "aws_subnet.subnet_public_az_b",
            "aws_vpc.vpc"
          ]
        }
      ]
    },
    {
      "mode": "managed",
      "type": "aws_alb_target_group",
      "name": "alb_target_group_http",
      "provider": "provider.aws",
      "instances": [
        {
          "schema_version": 0,
          "attributes": {
            "arn": "arn:aws:elasticloadbalancing:us-east-2:999329133891:targetgroup/target-group-http/a77e8bb9626c2870",
            "arn_suffix": "targetgroup/target-group-http/a77e8bb9626c2870",
            "deregistration_delay": 300,
            "health_check": [
              {
                "enabled": true,
                "healthy_threshold": 3,
                "interval": 30,
                "matcher": "200",
                "path": "/",
                "port": "8080",
                "protocol": "HTTP",
                "timeout": 5,
                "unhealthy_threshold": 3
              }
            ],
            "id": "arn:aws:elasticloadbalancing:us-east-2:999329133891:targetgroup/target-group-http/a77e8bb9626c2870",
            "lambda_multi_value_headers_enabled": false,
            "load_balancing_algorithm_type": "round_robin",
            "name": "target-group-http",
            "name_prefix": null,
            "port": 8080,
            "protocol": "HTTP",
            "proxy_protocol_v2": false,
            "slow_start": 0,
            "stickiness": [
              {
                "cookie_duration": 86400,
                "enabled": true,
                "type": "lb_cookie"
              }
            ],
            "tags": null,
            "target_type": "instance",
            "vpc_id": "vpc-0745cb7a142b984eb"
          },
          "private": "bnVsbA==",
          "dependencies": [
            "aws_vpc.vpc"
          ]
        }
      ]
    },
    {
      "mode": "managed",
      "type": "aws_iam_access_key",
      "name": "prometheus_access_key",
      "provider": "provider.aws",
      "instances": [
        {
          "schema_version": 0,
          "attributes": {
            "encrypted_secret": null,
            "id": "AKIA6RLFIOVBWWXPVWAP",
            "key_fingerprint": null,
            "pgp_key": null,
            "secret": "8xsg49M9kB/vg5kgA+NiYsTsfo0XHvgAtyIA2LxV",
            "ses_smtp_password_v4": "BDHZ/X++LXGIpFuK+hjojF8vbpa/ee3Ys3vQOk68ov7u",
            "status": "Active",
            "user": "prometheus_ec2_access"
          },
          "private": "bnVsbA==",
          "dependencies": [
            "aws_iam_user.prometheus_iam"
          ]
        }
      ]
    },
    {
      "mode": "managed",
      "type": "aws_iam_user",
      "name": "prometheus_iam",
      "provider": "provider.aws",
      "instances": [
        {
          "schema_version": 0,
          "attributes": {
            "arn": "arn:aws:iam::999329133891:user/prometheus_ec2_access",
            "force_destroy": false,
            "id": "prometheus_ec2_access",
            "name": "prometheus_ec2_access",
            "path": "/",
            "permissions_boundary": null,
            "tags": null,
            "unique_id": "AIDA6RLFIOVBUIQIRK376"
          },
          "private": "bnVsbA=="
        }
      ]
    },
    {
      "mode": "managed",
      "type": "aws_iam_user_policy",
      "name": "prometheus_role",
      "provider": "provider.aws",
      "instances": [
        {
          "schema_version": 0,
          "attributes": {
            "id": "prometheus_ec2_access:prometheus_ec2_access_role",
            "name": "prometheus_ec2_access_role",
            "name_prefix": null,
            "policy": "{\n    \"Version\": \"2012-10-17\",\n    \"Statement\": [\n        {\n            \"Effect\": \"Allow\",\n            \"Action\": \"ec2:Describe*\",\n            \"Resource\": \"*\"\n        }\n    ]\n}\n",
            "user": "prometheus_ec2_access"
          },
          "private": "bnVsbA==",
          "dependencies": [
            "aws_iam_user.prometheus_iam"
          ]
        }
      ]
    },
    {
      "mode": "managed",
      "type": "aws_instance",
      "name": "prometheus_a",
      "provider": "provider.aws",
      "instances": [
        {
          "schema_version": 1,
          "attributes": {
            "ami": "ami-0dd9f0e7df0f0a138",
            "arn": "arn:aws:ec2:us-east-2:999329133891:instance/i-085535c1d24816062",
            "associate_public_ip_address": true,
            "availability_zone": "us-east-2a",
            "cpu_core_count": 1,
            "cpu_threads_per_core": 1,
            "credit_specification": [
              {
                "cpu_credits": "standard"
              }
            ],
            "disable_api_termination": false,
            "ebs_block_device": [],
            "ebs_optimized": false,
            "enclave_options": [
              {
                "enabled": false
              }
            ],
            "ephemeral_block_device": [],
            "get_password_data": false,
            "hibernation": false,
            "host_id": null,
            "iam_instance_profile": "",
            "id": "i-085535c1d24816062",
            "instance_initiated_shutdown_behavior": null,
            "instance_state": "running",
            "instance_type": "t2.micro",
            "ipv6_address_count": 0,
            "ipv6_addresses": [],
            "key_name": "ovpDevOpsKey",
            "metadata_options": [
              {
                "http_endpoint": "enabled",
                "http_put_response_hop_limit": 1,
                "http_tokens": "optional"
              }
            ],
            "monitoring": false,
            "network_interface": [],
            "outpost_arn": "",
            "password_data": "",
            "placement_group": "",
            "primary_network_interface_id": "eni-0e304ffaaa17bc20a",
            "private_dns": "ip-10-0-129-29.us-east-2.compute.internal",
            "private_ip": "10.0.129.29",
            "public_dns": "",
            "public_ip": "3.138.119.88",
            "root_block_device": [
              {
                "delete_on_termination": true,
                "device_name": "/dev/sda1",
                "encrypted": false,
                "iops": 100,
                "kms_key_id": "",
                "throughput": 0,
                "volume_id": "vol-0efe03bcf6ab5e80c",
                "volume_size": 8,
                "volume_type": "gp2"
              }
            ],
            "secondary_private_ips": [],
            "security_groups": [],
            "source_dest_check": true,
            "subnet_id": "subnet-07440fce9352b1cf9",
            "tags": null,
            "tenancy": "default",
            "timeouts": null,
            "user_data": null,
            "user_data_base64": null,
            "volume_tags": {},
            "vpc_security_group_ids": [
              "sg-08e63a990e61702c6"
            ]
          },
          "private": "eyJlMmJmYjczMC1lY2FhLTExZTYtOGY4OC0zNDM2M2JjN2M0YzAiOnsiY3JlYXRlIjo2MDAwMDAwMDAwMDAsImRlbGV0ZSI6MTIwMDAwMDAwMDAwMCwidXBkYXRlIjo2MDAwMDAwMDAwMDB9LCJzY2hlbWFfdmVyc2lvbiI6IjEifQ==",
          "dependencies": [
            "aws_iam_access_key.prometheus_access_key",
            "aws_iam_user.prometheus_iam",
            "aws_key_pair.ovpDevOpsKey",
            "aws_security_group.prometheus_access",
            "aws_subnet.subnet_public_az_a",
            "aws_vpc.vpc"
          ]
        }
      ]
    },
    {
      "mode": "managed",
      "type": "aws_instance",
      "name": "prometheus_b",
      "provider": "provider.aws",
      "instances": [
        {
          "schema_version": 1,
          "attributes": {
            "ami": "ami-0dd9f0e7df0f0a138",
            "arn": "arn:aws:ec2:us-east-2:999329133891:instance/i-0d6a18eef05b6ef0b",
            "associate_public_ip_address": true,
            "availability_zone": "us-east-2b",
            "cpu_core_count": 1,
            "cpu_threads_per_core": 1,
            "credit_specification": [
              {
                "cpu_credits": "standard"
              }
            ],
            "disable_api_termination": false,
            "ebs_block_device": [],
            "ebs_optimized": false,
            "enclave_options": [
              {
                "enabled": false
              }
            ],
            "ephemeral_block_device": [],
            "get_password_data": false,
            "hibernation": false,
            "host_id": null,
            "iam_instance_profile": "",
            "id": "i-0d6a18eef05b6ef0b",
            "instance_initiated_shutdown_behavior": null,
            "instance_state": "running",
            "instance_type": "t2.micro",
            "ipv6_address_count": 0,
            "ipv6_addresses": [],
            "key_name": "ovpDevOpsKey",
            "metadata_options": [
              {
                "http_endpoint": "enabled",
                "http_put_response_hop_limit": 1,
                "http_tokens": "optional"
              }
            ],
            "monitoring": false,
            "network_interface": [],
            "outpost_arn": "",
            "password_data": "",
            "placement_group": "",
            "primary_network_interface_id": "eni-048d7b454f7db9861",
            "private_dns": "ip-10-0-146-20.us-east-2.compute.internal",
            "private_ip": "10.0.146.20",
            "public_dns": "",
            "public_ip": "3.19.241.110",
            "root_block_device": [
              {
                "delete_on_termination": true,
                "device_name": "/dev/sda1",
                "encrypted": false,
                "iops": 100,
                "kms_key_id": "",
                "throughput": 0,
                "volume_id": "vol-02426464253f24024",
                "volume_size": 8,
                "volume_type": "gp2"
              }
            ],
            "secondary_private_ips": [],
            "security_groups": [],
            "source_dest_check": true,
            "subnet_id": "subnet-0f0b67115767a1422",
            "tags": null,
            "tenancy": "default",
            "timeouts": null,
            "user_data": null,
            "user_data_base64": null,
            "volume_tags": {},
            "vpc_security_group_ids": [
              "sg-08e63a990e61702c6"
            ]
          },
          "private": "eyJlMmJmYjczMC1lY2FhLTExZTYtOGY4OC0zNDM2M2JjN2M0YzAiOnsiY3JlYXRlIjo2MDAwMDAwMDAwMDAsImRlbGV0ZSI6MTIwMDAwMDAwMDAwMCwidXBkYXRlIjo2MDAwMDAwMDAwMDB9LCJzY2hlbWFfdmVyc2lvbiI6IjEifQ==",
          "dependencies": [
            "aws_iam_access_key.prometheus_access_key",
            "aws_iam_user.prometheus_iam",
            "aws_key_pair.ovpDevOpsKey",
            "aws_security_group.prometheus_access",
            "aws_subnet.subnet_public_az_b",
            "aws_vpc.vpc"
          ]
        }
      ]
    },
    {
      "mode": "managed",
      "type": "aws_instance",
      "name": "web_a",
      "each": "list",
      "provider": "provider.aws",
      "instances": [
        {
          "index_key": 0,
          "schema_version": 1,
          "attributes": {
            "ami": "ami-0a0ad6b70e61be944",
            "arn": "arn:aws:ec2:us-east-2:999329133891:instance/i-09cf3ba43ee3c5772",
            "associate_public_ip_address": true,
            "availability_zone": "us-east-2a",
            "cpu_core_count": 1,
            "cpu_threads_per_core": 1,
            "credit_specification": [
              {
                "cpu_credits": "standard"
              }
            ],
            "disable_api_termination": false,
            "ebs_block_device": [],
            "ebs_optimized": false,
            "enclave_options": [
              {
                "enabled": false
              }
            ],
            "ephemeral_block_device": [],
            "get_password_data": false,
            "hibernation": false,
            "host_id": null,
            "iam_instance_profile": "",
            "id": "i-09cf3ba43ee3c5772",
            "instance_initiated_shutdown_behavior": null,
            "instance_state": "running",
            "instance_type": "t2.micro",
            "ipv6_address_count": 0,
            "ipv6_addresses": [],
            "key_name": "ovpDevOpsKey",
            "metadata_options": [
              {
                "http_endpoint": "enabled",
                "http_put_response_hop_limit": 1,
                "http_tokens": "optional"
              }
            ],
            "monitoring": false,
            "network_interface": [],
            "outpost_arn": "",
            "password_data": "",
            "placement_group": "",
            "primary_network_interface_id": "eni-0a8da0e368f6a3116",
            "private_dns": "ip-10-0-142-241.us-east-2.compute.internal",
            "private_ip": "10.0.142.241",
            "public_dns": "",
            "public_ip": "3.139.79.18",
            "root_block_device": [
              {
                "delete_on_termination": true,
                "device_name": "/dev/xvda",
                "encrypted": false,
                "iops": 100,
                "kms_key_id": "",
                "throughput": 0,
                "volume_id": "vol-05bd282a408f7df02",
                "volume_size": 8,
                "volume_type": "gp2"
              }
            ],
            "secondary_private_ips": [],
            "security_groups": [],
            "source_dest_check": true,
            "subnet_id": "subnet-07440fce9352b1cf9",
            "tags": {
              "Role": "WebServer"
            },
            "tenancy": "default",
            "timeouts": null,
            "user_data": null,
            "user_data_base64": null,
            "volume_tags": {},
            "vpc_security_group_ids": [
              "sg-01e5426afcc14fd89",
              "sg-04fa3a9d09af59d2e",
              "sg-08e63a990e61702c6"
            ]
          },
          "private": "eyJlMmJmYjczMC1lY2FhLTExZTYtOGY4OC0zNDM2M2JjN2M0YzAiOnsiY3JlYXRlIjo2MDAwMDAwMDAwMDAsImRlbGV0ZSI6MTIwMDAwMDAwMDAwMCwidXBkYXRlIjo2MDAwMDAwMDAwMDB9LCJzY2hlbWFfdmVyc2lvbiI6IjEifQ==",
          "dependencies": [
            "aws_key_pair.ovpDevOpsKey",
            "aws_security_group.internal_access",
            "aws_security_group.prometheus_access",
            "aws_security_group.web_access",
            "aws_subnet.subnet_public_az_a",
            "aws_vpc.vpc"
          ]
        }
      ]
    },
    {
      "mode": "managed",
      "type": "aws_instance",
      "name": "web_b",
      "each": "list",
      "provider": "provider.aws",
      "instances": [
        {
          "index_key": 0,
          "schema_version": 1,
          "attributes": {
            "ami": "ami-0a0ad6b70e61be944",
            "arn": "arn:aws:ec2:us-east-2:999329133891:instance/i-01592e0a025d5fb31",
            "associate_public_ip_address": true,
            "availability_zone": "us-east-2b",
            "cpu_core_count": 1,
            "cpu_threads_per_core": 1,
            "credit_specification": [
              {
                "cpu_credits": "standard"
              }
            ],
            "disable_api_termination": false,
            "ebs_block_device": [],
            "ebs_optimized": false,
            "enclave_options": [
              {
                "enabled": false
              }
            ],
            "ephemeral_block_device": [],
            "get_password_data": false,
            "hibernation": false,
            "host_id": null,
            "iam_instance_profile": "",
            "id": "i-01592e0a025d5fb31",
            "instance_initiated_shutdown_behavior": null,
            "instance_state": "running",
            "instance_type": "t2.micro",
            "ipv6_address_count": 0,
            "ipv6_addresses": [],
            "key_name": "ovpDevOpsKey",
            "metadata_options": [
              {
                "http_endpoint": "enabled",
                "http_put_response_hop_limit": 1,
                "http_tokens": "optional"
              }
            ],
            "monitoring": false,
            "network_interface": [],
            "outpost_arn": "",
            "password_data": "",
            "placement_group": "",
            "primary_network_interface_id": "eni-03de10a20c8cd6fc0",
            "private_dns": "ip-10-0-158-163.us-east-2.compute.internal",
            "private_ip": "10.0.158.163",
            "public_dns": "",
            "public_ip": "3.139.92.113",
            "root_block_device": [
              {
                "delete_on_termination": true,
                "device_name": "/dev/xvda",
                "encrypted": false,
                "iops": 100,
                "kms_key_id": "",
                "throughput": 0,
                "volume_id": "vol-0eaa2ea8a6c6f782c",
                "volume_size": 8,
                "volume_type": "gp2"
              }
            ],
            "secondary_private_ips": [],
            "security_groups": [],
            "source_dest_check": true,
            "subnet_id": "subnet-0f0b67115767a1422",
            "tags": {
              "Role": "WebServer"
            },
            "tenancy": "default",
            "timeouts": null,
            "user_data": null,
            "user_data_base64": null,
            "volume_tags": {},
            "vpc_security_group_ids": [
              "sg-01e5426afcc14fd89",
              "sg-04fa3a9d09af59d2e",
              "sg-08e63a990e61702c6"
            ]
          },
          "private": "eyJlMmJmYjczMC1lY2FhLTExZTYtOGY4OC0zNDM2M2JjN2M0YzAiOnsiY3JlYXRlIjo2MDAwMDAwMDAwMDAsImRlbGV0ZSI6MTIwMDAwMDAwMDAwMCwidXBkYXRlIjo2MDAwMDAwMDAwMDB9LCJzY2hlbWFfdmVyc2lvbiI6IjEifQ==",
          "dependencies": [
            "aws_key_pair.ovpDevOpsKey",
            "aws_security_group.internal_access",
            "aws_security_group.prometheus_access",
            "aws_security_group.web_access",
            "aws_subnet.subnet_public_az_b",
            "aws_vpc.vpc"
          ]
        }
      ]
    },
    {
      "mode": "managed",
      "type": "aws_internet_gateway",
      "name": "gw",
      "provider": "provider.aws",
      "instances": [
        {
          "schema_version": 0,
          "attributes": {
            "arn": "arn:aws:ec2:us-east-2:999329133891:internet-gateway/igw-02dbb3b9dd86f64fd",
            "id": "igw-02dbb3b9dd86f64fd",
            "owner_id": "999329133891",
            "tags": null,
            "vpc_id": "vpc-0745cb7a142b984eb"
          },
          "private": "bnVsbA==",
          "dependencies": [
            "aws_vpc.vpc"
          ]
        }
      ]
    },
    {
      "mode": "managed",
      "type": "aws_key_pair",
      "name": "ovpDevOpsKey",
      "provider": "provider.aws",
      "instances": [
        {
          "schema_version": 1,
          "attributes": {
            "arn": "arn:aws:ec2:us-east-2:999329133891:key-pair/ovpDevOpsKey",
            "fingerprint": "97:e7:1b:0f:9d:bb:b0:78:9d:fc:de:96:2b:b6:63:34",
            "id": "ovpDevOpsKey",
            "key_name": "ovpDevOpsKey",
            "key_name_prefix": null,
            "key_pair_id": "key-02b93005cd8af13cd",
            "public_key": "ssh-rsa AAAAB3NzaC1yc2EAAAADAQABAAABAQDgIHoaDYyn8uaeMdWQFj7CFHUjKKkj37tOqfiYBvg6pd6uGEqYOh1xEDz+MCDgIoLf0Mxhz+ai7bfWgGfkPHxIoQMYwxJHOiLIR2nOl5FgTXOJh3DDHJpTxxZtKu2C2v/UjVsETJTK8gPHG4qbZJjIgNLRyax/q8cop9HHIN/IvGnY72UsVn/qjA+ldS+m3p0zpGjix55EtzEgqJX7ZpmmuctKdReGbpCgtk/UWTFhPCX79A1M0Il/hCgbIeNg6i1Vq4USi0r3FFAMztJtARbhVDY+0WOAWZkm1uf8IfT/IcQupx9n2ZbIYBIGaGcU5ivYg/C4nusValQxMiiBoo7D",
            "tags": null
          },
          "private": "eyJzY2hlbWFfdmVyc2lvbiI6IjEifQ=="
        }
      ]
    },
    {
      "mode": "managed",
      "type": "aws_lb_target_group_attachment",
      "name": "attach_web_a",
      "each": "list",
      "provider": "provider.aws",
      "instances": [
        {
          "index_key": 0,
          "schema_version": 0,
          "attributes": {
            "availability_zone": null,
            "id": "arn:aws:elasticloadbalancing:us-east-2:999329133891:targetgroup/target-group-http/a77e8bb9626c2870-20210111193418953000000002",
            "port": 8080,
            "target_group_arn": "arn:aws:elasticloadbalancing:us-east-2:999329133891:targetgroup/target-group-http/a77e8bb9626c2870",
            "target_id": "i-09cf3ba43ee3c5772"
          },
          "private": "bnVsbA==",
          "dependencies": [
            "aws_alb_target_group.alb_target_group_http",
            "aws_instance.web_a",
            "aws_key_pair.ovpDevOpsKey",
            "aws_security_group.internal_access",
            "aws_security_group.prometheus_access",
            "aws_security_group.web_access",
            "aws_subnet.subnet_public_az_a",
            "aws_vpc.vpc"
          ]
        }
      ]
    },
    {
      "mode": "managed",
      "type": "aws_lb_target_group_attachment",
      "name": "attach_web_b",
      "each": "list",
      "provider": "provider.aws",
      "instances": [
        {
          "index_key": 0,
          "schema_version": 0,
          "attributes": {
            "availability_zone": null,
            "id": "arn:aws:elasticloadbalancing:us-east-2:999329133891:targetgroup/target-group-http/a77e8bb9626c2870-20210111193429671700000003",
            "port": 8080,
            "target_group_arn": "arn:aws:elasticloadbalancing:us-east-2:999329133891:targetgroup/target-group-http/a77e8bb9626c2870",
            "target_id": "i-09cf3ba43ee3c5772"
          },
          "private": "bnVsbA==",
          "dependencies": [
            "aws_alb_target_group.alb_target_group_http",
            "aws_instance.web_b",
            "aws_key_pair.ovpDevOpsKey",
            "aws_security_group.internal_access",
            "aws_security_group.prometheus_access",
            "aws_security_group.web_access",
            "aws_subnet.subnet_public_az_b",
            "aws_vpc.vpc"
          ]
        }
      ]
    },
    {
      "mode": "managed",
      "type": "aws_route",
      "name": "internet_access",
      "provider": "provider.aws",
      "instances": [
        {
          "schema_version": 0,
          "attributes": {
            "destination_cidr_block": "0.0.0.0/0",
            "destination_ipv6_cidr_block": "",
            "destination_prefix_list_id": "",
            "egress_only_gateway_id": "",
            "gateway_id": "igw-02dbb3b9dd86f64fd",
            "id": "r-rtb-013b3205c96094d451080289494",
            "instance_id": "",
            "instance_owner_id": "",
            "local_gateway_id": "",
            "nat_gateway_id": "",
            "network_interface_id": "",
            "origin": "CreateRoute",
            "route_table_id": "rtb-013b3205c96094d45",
            "state": "active",
            "timeouts": null,
            "transit_gateway_id": "",
            "vpc_endpoint_id": null,
            "vpc_peering_connection_id": ""
          },
          "private": "eyJlMmJmYjczMC1lY2FhLTExZTYtOGY4OC0zNDM2M2JjN2M0YzAiOnsiY3JlYXRlIjoxMjAwMDAwMDAwMDAsImRlbGV0ZSI6MzAwMDAwMDAwMDAwfX0=",
          "dependencies": [
            "aws_internet_gateway.gw",
            "aws_route_table.internet_access",
            "aws_vpc.vpc"
          ]
        }
      ]
    },
    {
      "mode": "managed",
      "type": "aws_route53_record",
      "name": "A",
      "provider": "provider.aws",
      "instances": [
        {
          "schema_version": 2,
          "attributes": {
            "alias": [
              {
                "evaluate_target_health": true,
                "name": "alb-1748355132.us-east-2.elb.amazonaws.com",
                "zone_id": "Z3AADJGX6KTTL2"
              }
            ],
            "allow_overwrite": null,
            "failover_routing_policy": [],
            "fqdn": "ovpdevops.xyz",
            "geolocation_routing_policy": [],
            "health_check_id": null,
            "id": "Z01532041BSUJY8Q4LBSE_ovpdevops.xyz_A",
            "latency_routing_policy": [],
            "multivalue_answer_routing_policy": null,
            "name": "ovpdevops.xyz",
            "records": null,
            "set_identifier": null,
            "ttl": null,
            "type": "A",
            "weighted_routing_policy": [],
            "zone_id": "Z01532041BSUJY8Q4LBSE"
          },
          "private": "eyJzY2hlbWFfdmVyc2lvbiI6IjIifQ==",
          "dependencies": [
            "aws_alb.alb",
            "aws_route53_zone.zone",
            "aws_security_group.web_access",
            "aws_subnet.subnet_public_az_a",
            "aws_subnet.subnet_public_az_b",
            "aws_vpc.vpc"
          ]
        }
      ]
    },
    {
      "mode": "managed",
      "type": "aws_route53_record",
      "name": "A_www",
      "provider": "provider.aws",
      "instances": [
        {
          "schema_version": 2,
          "attributes": {
            "alias": [
              {
                "evaluate_target_health": true,
                "name": "alb-1748355132.us-east-2.elb.amazonaws.com",
                "zone_id": "Z3AADJGX6KTTL2"
              }
            ],
            "allow_overwrite": null,
            "failover_routing_policy": [],
            "fqdn": "www.ovpdevops.xyz",
            "geolocation_routing_policy": [],
            "health_check_id": null,
            "id": "Z01532041BSUJY8Q4LBSE_www.ovpdevops.xyz_A",
            "latency_routing_policy": [],
            "multivalue_answer_routing_policy": null,
            "name": "www.ovpdevops.xyz",
            "records": null,
            "set_identifier": null,
            "ttl": null,
            "type": "A",
            "weighted_routing_policy": [],
            "zone_id": "Z01532041BSUJY8Q4LBSE"
          },
          "private": "eyJzY2hlbWFfdmVyc2lvbiI6IjIifQ==",
          "dependencies": [
            "aws_alb.alb",
            "aws_route53_zone.zone",
            "aws_security_group.web_access",
            "aws_subnet.subnet_public_az_a",
            "aws_subnet.subnet_public_az_b",
            "aws_vpc.vpc"
          ]
        }
      ]
    },
    {
      "mode": "managed",
      "type": "aws_route53_zone",
      "name": "zone",
      "provider": "provider.aws",
      "instances": [
        {
          "schema_version": 0,
          "attributes": {
            "comment": "Managed by Terraform",
            "delegation_set_id": "",
            "force_destroy": false,
            "id": "Z01532041BSUJY8Q4LBSE",
            "name": "ovpdevops.xyz",
            "name_servers": [
              "ns-1127.awsdns-12.org",
              "ns-126.awsdns-15.com",
              "ns-1550.awsdns-01.co.uk",
              "ns-852.awsdns-42.net"
            ],
            "tags": null,
            "vpc": [],
            "zone_id": "Z01532041BSUJY8Q4LBSE"
          },
          "private": "bnVsbA=="
        }
      ]
    },
    {
      "mode": "managed",
      "type": "aws_route_table",
      "name": "internet_access",
      "provider": "provider.aws",
      "instances": [
        {
          "schema_version": 0,
          "attributes": {
            "id": "rtb-013b3205c96094d45",
            "owner_id": "999329133891",
            "propagating_vgws": [],
            "route": [],
            "tags": {
              "Name": "ovpdevops-public-routetable"
            },
            "vpc_id": "vpc-0745cb7a142b984eb"
          },
          "private": "bnVsbA==",
          "dependencies": [
            "aws_vpc.vpc"
          ]
        }
      ]
    },
    {
      "mode": "managed",
      "type": "aws_route_table_association",
      "name": "association_a",
      "provider": "provider.aws",
      "instances": [
        {
          "schema_version": 0,
          "attributes": {
            "gateway_id": null,
            "id": "rtbassoc-06b10e94aa9028004",
            "route_table_id": "rtb-013b3205c96094d45",
            "subnet_id": "subnet-07440fce9352b1cf9"
          },
          "private": "bnVsbA==",
          "dependencies": [
            "aws_route_table.internet_access",
            "aws_subnet.subnet_public_az_a",
            "aws_vpc.vpc"
          ]
        }
      ]
    },
    {
      "mode": "managed",
      "type": "aws_route_table_association",
      "name": "association_b",
      "provider": "provider.aws",
      "instances": [
        {
          "schema_version": 0,
          "attributes": {
            "gateway_id": null,
            "id": "rtbassoc-07b51b7d0c4b97de2",
            "route_table_id": "rtb-013b3205c96094d45",
            "subnet_id": "subnet-0f0b67115767a1422"
          },
          "private": "bnVsbA==",
          "dependencies": [
            "aws_route_table.internet_access",
            "aws_subnet.subnet_public_az_b",
            "aws_vpc.vpc"
          ]
        }
      ]
    },
    {
      "mode": "managed",
      "type": "aws_security_group",
      "name": "internal_access",
      "provider": "provider.aws",
      "instances": [
        {
          "schema_version": 1,
          "attributes": {
            "arn": "arn:aws:ec2:us-east-2:999329133891:security-group/sg-01e5426afcc14fd89",
            "description": "Provides web and SSH access",
            "egress": [
              {
                "cidr_blocks": [
                  "0.0.0.0/0"
                ],
                "description": "",
                "from_port": 0,
                "ipv6_cidr_blocks": [],
                "prefix_list_ids": [],
                "protocol": "-1",
                "security_groups": [],
                "self": false,
                "to_port": 0
              }
            ],
            "id": "sg-01e5426afcc14fd89",
            "ingress": [
              {
                "cidr_blocks": [
                  "0.0.0.0/0"
                ],
                "description": "",
                "from_port": 22,
                "ipv6_cidr_blocks": [],
                "prefix_list_ids": [],
                "protocol": "tcp",
                "security_groups": [],
                "self": false,
                "to_port": 22
              }
            ],
            "name": "internal_access",
            "name_prefix": "",
            "owner_id": "999329133891",
            "revoke_rules_on_delete": false,
            "tags": null,
            "timeouts": null,
            "vpc_id": "vpc-0745cb7a142b984eb"
          },
          "private": "eyJlMmJmYjczMC1lY2FhLTExZTYtOGY4OC0zNDM2M2JjN2M0YzAiOnsiY3JlYXRlIjo2MDAwMDAwMDAwMDAsImRlbGV0ZSI6NjAwMDAwMDAwMDAwfSwic2NoZW1hX3ZlcnNpb24iOiIxIn0=",
          "dependencies": [
            "aws_vpc.vpc"
          ]
        }
      ]
    },
    {
      "mode": "managed",
      "type": "aws_security_group",
      "name": "prometheus_access",
      "provider": "provider.aws",
      "instances": [
        {
          "schema_version": 1,
          "attributes": {
            "arn": "arn:aws:ec2:us-east-2:999329133891:security-group/sg-08e63a990e61702c6",
            "description": "Security group for prometheus",
            "egress": [
              {
                "cidr_blocks": [
                  "0.0.0.0/0"
                ],
                "description": "",
                "from_port": 0,
                "ipv6_cidr_blocks": [],
                "prefix_list_ids": [],
                "protocol": "-1",
                "security_groups": [],
                "self": false,
                "to_port": 0
              }
            ],
            "id": "sg-08e63a990e61702c6",
            "ingress": [
              {
                "cidr_blocks": [
                  "0.0.0.0/0"
                ],
                "description": "",
                "from_port": 22,
                "ipv6_cidr_blocks": [],
                "prefix_list_ids": [],
                "protocol": "tcp",
                "security_groups": [],
                "self": false,
                "to_port": 22
              },
              {
                "cidr_blocks": [
                  "0.0.0.0/0"
                ],
                "description": "",
                "from_port": 3000,
                "ipv6_cidr_blocks": [],
                "prefix_list_ids": [],
                "protocol": "tcp",
                "security_groups": [],
                "self": false,
                "to_port": 3000
              },
              {
                "cidr_blocks": [
                  "0.0.0.0/0"
                ],
                "description": "",
                "from_port": 9090,
                "ipv6_cidr_blocks": [],
                "prefix_list_ids": [],
                "protocol": "tcp",
                "security_groups": [],
                "self": false,
                "to_port": 9090
              },
              {
                "cidr_blocks": [
                  "0.0.0.0/0"
                ],
                "description": "",
                "from_port": 9100,
                "ipv6_cidr_blocks": [],
                "prefix_list_ids": [],
                "protocol": "tcp",
                "security_groups": [],
                "self": false,
                "to_port": 9100
              }
            ],
            "name": "prometheus_security_group",
            "name_prefix": "",
            "owner_id": "999329133891",
            "revoke_rules_on_delete": false,
            "tags": null,
            "timeouts": null,
            "vpc_id": "vpc-0745cb7a142b984eb"
          },
          "private": "eyJlMmJmYjczMC1lY2FhLTExZTYtOGY4OC0zNDM2M2JjN2M0YzAiOnsiY3JlYXRlIjo2MDAwMDAwMDAwMDAsImRlbGV0ZSI6NjAwMDAwMDAwMDAwfSwic2NoZW1hX3ZlcnNpb24iOiIxIn0=",
          "dependencies": [
            "aws_vpc.vpc"
          ]
        }
      ]
    },
    {
      "mode": "managed",
      "type": "aws_security_group",
      "name": "web_access",
      "provider": "provider.aws",
      "instances": [
        {
          "schema_version": 1,
          "attributes": {
            "arn": "arn:aws:ec2:us-east-2:999329133891:security-group/sg-04fa3a9d09af59d2e",
            "description": "Provides web access from the internet",
            "egress": [
              {
                "cidr_blocks": [
                  "0.0.0.0/0"
                ],
                "description": "",
                "from_port": 0,
                "ipv6_cidr_blocks": [],
                "prefix_list_ids": [],
                "protocol": "-1",
                "security_groups": [],
                "self": false,
                "to_port": 0
              }
            ],
            "id": "sg-04fa3a9d09af59d2e",
            "ingress": [
              {
                "cidr_blocks": [
                  "0.0.0.0/0"
                ],
                "description": "",
                "from_port": 443,
                "ipv6_cidr_blocks": [],
                "prefix_list_ids": [],
                "protocol": "tcp",
                "security_groups": [],
                "self": false,
                "to_port": 443
              },
              {
                "cidr_blocks": [
                  "0.0.0.0/0"
                ],
                "description": "",
                "from_port": 8080,
                "ipv6_cidr_blocks": [],
                "prefix_list_ids": [],
                "protocol": "tcp",
                "security_groups": [],
                "self": false,
                "to_port": 8080
              },
              {
                "cidr_blocks": [
                  "0.0.0.0/0"
                ],
                "description": "",
                "from_port": 80,
                "ipv6_cidr_blocks": [],
                "prefix_list_ids": [],
                "protocol": "tcp",
                "security_groups": [],
                "self": false,
                "to_port": 80
              }
            ],
            "name": "web_access",
            "name_prefix": "",
            "owner_id": "999329133891",
            "revoke_rules_on_delete": false,
            "tags": null,
            "timeouts": null,
            "vpc_id": "vpc-0745cb7a142b984eb"
          },
          "private": "eyJlMmJmYjczMC1lY2FhLTExZTYtOGY4OC0zNDM2M2JjN2M0YzAiOnsiY3JlYXRlIjo2MDAwMDAwMDAwMDAsImRlbGV0ZSI6NjAwMDAwMDAwMDAwfSwic2NoZW1hX3ZlcnNpb24iOiIxIn0=",
          "dependencies": [
            "aws_vpc.vpc"
          ]
        }
      ]
    },
    {
      "mode": "managed",
      "type": "aws_subnet",
      "name": "subnet_private_az_a",
      "provider": "provider.aws",
      "instances": [
        {
          "schema_version": 1,
          "attributes": {
            "arn": "arn:aws:ec2:us-east-2:999329133891:subnet/subnet-069ca0666ad263294",
            "assign_ipv6_address_on_creation": false,
            "availability_zone": "us-east-2a",
            "availability_zone_id": "use2-az1",
            "cidr_block": "10.0.0.0/19",
            "id": "subnet-069ca0666ad263294",
            "ipv6_cidr_block": "",
            "ipv6_cidr_block_association_id": "",
            "map_public_ip_on_launch": true,
            "outpost_arn": "",
            "owner_id": "999329133891",
            "tags": null,
            "timeouts": null,
            "vpc_id": "vpc-0745cb7a142b984eb"
          },
          "private": "eyJlMmJmYjczMC1lY2FhLTExZTYtOGY4OC0zNDM2M2JjN2M0YzAiOnsiY3JlYXRlIjo2MDAwMDAwMDAwMDAsImRlbGV0ZSI6MTIwMDAwMDAwMDAwMH0sInNjaGVtYV92ZXJzaW9uIjoiMSJ9",
          "dependencies": [
            "aws_vpc.vpc"
          ]
        }
      ]
    },
    {
      "mode": "managed",
      "type": "aws_subnet",
      "name": "subnet_private_az_b",
      "provider": "provider.aws",
      "instances": [
        {
          "schema_version": 1,
          "attributes": {
            "arn": "arn:aws:ec2:us-east-2:999329133891:subnet/subnet-04b8d84653c8851bf",
            "assign_ipv6_address_on_creation": false,
            "availability_zone": "us-east-2b",
            "availability_zone_id": "use2-az2",
            "cidr_block": "10.0.32.0/19",
            "id": "subnet-04b8d84653c8851bf",
            "ipv6_cidr_block": "",
            "ipv6_cidr_block_association_id": "",
            "map_public_ip_on_launch": false,
            "outpost_arn": "",
            "owner_id": "999329133891",
            "tags": null,
            "timeouts": null,
            "vpc_id": "vpc-0745cb7a142b984eb"
          },
          "private": "eyJlMmJmYjczMC1lY2FhLTExZTYtOGY4OC0zNDM2M2JjN2M0YzAiOnsiY3JlYXRlIjo2MDAwMDAwMDAwMDAsImRlbGV0ZSI6MTIwMDAwMDAwMDAwMH0sInNjaGVtYV92ZXJzaW9uIjoiMSJ9",
          "dependencies": [
            "aws_vpc.vpc"
          ]
        }
      ]
    },
    {
      "mode": "managed",
      "type": "aws_subnet",
      "name": "subnet_public_az_a",
      "provider": "provider.aws",
      "instances": [
        {
          "schema_version": 1,
          "attributes": {
            "arn": "arn:aws:ec2:us-east-2:999329133891:subnet/subnet-07440fce9352b1cf9",
            "assign_ipv6_address_on_creation": false,
            "availability_zone": "us-east-2a",
            "availability_zone_id": "use2-az1",
            "cidr_block": "10.0.128.0/20",
            "id": "subnet-07440fce9352b1cf9",
            "ipv6_cidr_block": "",
            "ipv6_cidr_block_association_id": "",
            "map_public_ip_on_launch": true,
            "outpost_arn": "",
            "owner_id": "999329133891",
            "tags": null,
            "timeouts": null,
            "vpc_id": "vpc-0745cb7a142b984eb"
          },
          "private": "eyJlMmJmYjczMC1lY2FhLTExZTYtOGY4OC0zNDM2M2JjN2M0YzAiOnsiY3JlYXRlIjo2MDAwMDAwMDAwMDAsImRlbGV0ZSI6MTIwMDAwMDAwMDAwMH0sInNjaGVtYV92ZXJzaW9uIjoiMSJ9",
          "dependencies": [
            "aws_vpc.vpc"
          ]
        }
      ]
    },
    {
      "mode": "managed",
      "type": "aws_subnet",
      "name": "subnet_public_az_b",
      "provider": "provider.aws",
      "instances": [
        {
          "schema_version": 1,
          "attributes": {
            "arn": "arn:aws:ec2:us-east-2:999329133891:subnet/subnet-0f0b67115767a1422",
            "assign_ipv6_address_on_creation": false,
            "availability_zone": "us-east-2b",
            "availability_zone_id": "use2-az2",
            "cidr_block": "10.0.144.0/20",
            "id": "subnet-0f0b67115767a1422",
            "ipv6_cidr_block": "",
            "ipv6_cidr_block_association_id": "",
            "map_public_ip_on_launch": true,
            "outpost_arn": "",
            "owner_id": "999329133891",
            "tags": null,
            "timeouts": null,
            "vpc_id": "vpc-0745cb7a142b984eb"
          },
          "private": "eyJlMmJmYjczMC1lY2FhLTExZTYtOGY4OC0zNDM2M2JjN2M0YzAiOnsiY3JlYXRlIjo2MDAwMDAwMDAwMDAsImRlbGV0ZSI6MTIwMDAwMDAwMDAwMH0sInNjaGVtYV92ZXJzaW9uIjoiMSJ9",
          "dependencies": [
            "aws_vpc.vpc"
          ]
        }
      ]
    },
    {
      "mode": "managed",
      "type": "aws_vpc",
      "name": "vpc",
      "provider": "provider.aws",
      "instances": [
        {
          "schema_version": 1,
          "attributes": {
            "arn": "arn:aws:ec2:us-east-2:999329133891:vpc/vpc-0745cb7a142b984eb",
            "assign_generated_ipv6_cidr_block": false,
            "cidr_block": "10.0.0.0/16",
            "default_network_acl_id": "acl-0bc1221e6e19db5e2",
            "default_route_table_id": "rtb-01e22cd177ca31203",
            "default_security_group_id": "sg-0dd8bbbaf7de2f641",
            "dhcp_options_id": "dopt-1fdf5b74",
            "enable_classiclink": null,
            "enable_classiclink_dns_support": null,
            "enable_dns_hostnames": false,
            "enable_dns_support": true,
            "id": "vpc-0745cb7a142b984eb",
            "instance_tenancy": "default",
            "ipv6_association_id": "",
            "ipv6_cidr_block": "",
            "main_route_table_id": "rtb-01e22cd177ca31203",
            "owner_id": "999329133891",
            "tags": null
          },
          "private": "eyJzY2hlbWFfdmVyc2lvbiI6IjEifQ=="
        }
      ]
    }
  ]
}
