{
  "version": 4,
  "terraform_version": "0.12.24",
  "serial": 748,
  "lineage": "a7dd2240-7020-bbb5-43cd-661fea0f9fa2",
  "outputs": {
    "Grafana_URL": {
      "value": "http://3.15.11.201:3000",
      "type": "string"
    },
    "Prometheus_URL": {
      "value": "http://3.15.11.201:9090",
      "type": "string"
    },
    "Subnets": {
      "value": {
        "filter": null,
        "id": "vpc-089fa701bcf37d426",
        "ids": [
          "subnet-017588f80ebfcd972",
          "subnet-0425efa7e4519bc89",
          "subnet-09257d5c2f8315adf",
          "subnet-0e054bb09e2141e30"
        ],
        "tags": null,
        "vpc_id": "vpc-089fa701bcf37d426"
      },
      "type": [
        "object",
        {
          "filter": [
            "set",
            [
              "object",
              {
                "name": "string",
                "values": [
                  "set",
                  "string"
                ]
              }
            ]
          ],
          "id": "string",
          "ids": [
            "set",
            "string"
          ],
          "tags": [
            "map",
            "string"
          ],
          "vpc_id": "string"
        }
      ]
    },
    "alb_address": {
      "value": "alb-1222108632.us-east-2.elb.amazonaws.com",
      "type": "string"
    },
    "name_servers": {
      "value": [
        "ns-1517.awsdns-61.org",
        "ns-156.awsdns-19.com",
        "ns-1779.awsdns-30.co.uk",
        "ns-661.awsdns-18.net"
      ],
      "type": [
        "list",
        "string"
      ]
    }
  },
  "resources": [
    {
      "mode": "data",
      "type": "aws_instances",
      "name": "web_instances_a",
      "provider": "provider.aws",
      "instances": [
        {
          "schema_version": 0,
          "attributes": {
            "filter": null,
            "id": "us-east-2",
            "ids": [
              "i-0bdd408248d47dea1",
              "i-0368188a2f38b02aa"
            ],
            "instance_state_names": [
              "running"
            ],
            "instance_tags": {
              "Role": "WebServer"
            },
            "private_ips": [
              "172.16.32.180",
              "172.16.32.200"
            ],
            "public_ips": [
              "18.222.137.207",
              "3.17.172.48"
            ]
          }
        }
      ]
    },
    {
      "mode": "data",
      "type": "aws_instances",
      "name": "web_instances_b",
      "provider": "provider.aws",
      "instances": [
        {
          "schema_version": 0,
          "attributes": {
            "filter": null,
            "id": "us-east-2",
            "ids": [
              "i-0bdd408248d47dea1",
              "i-0368188a2f38b02aa"
            ],
            "instance_state_names": [
              "running"
            ],
            "instance_tags": {
              "Role": "WebServer"
            },
            "private_ips": [
              "172.16.32.180",
              "172.16.32.200"
            ],
            "public_ips": [
              "18.222.137.207",
              "3.17.172.48"
            ]
          }
        }
      ]
    },
    {
      "mode": "data",
      "type": "aws_subnet_ids",
      "name": "dynamic_subnets_list",
      "provider": "provider.aws",
      "instances": [
        {
          "schema_version": 0,
          "attributes": {
            "filter": null,
            "id": "vpc-089fa701bcf37d426",
            "ids": [
              "subnet-017588f80ebfcd972",
              "subnet-0425efa7e4519bc89",
              "subnet-09257d5c2f8315adf",
              "subnet-0e054bb09e2141e30"
            ],
            "tags": null,
            "vpc_id": "vpc-089fa701bcf37d426"
          }
        }
      ]
    },
    {
      "mode": "managed",
      "type": "aws_alb",
      "name": "alb",
      "provider": "provider.aws",
      "instances": [
        {
          "schema_version": 0,
          "attributes": {
            "access_logs": [
              {
                "bucket": "",
                "enabled": false,
                "prefix": ""
              }
            ],
            "arn": "arn:aws:elasticloadbalancing:us-east-2:999329133891:loadbalancer/app/alb/c17a4b9e72edb98f",
            "arn_suffix": "app/alb/c17a4b9e72edb98f",
            "customer_owned_ipv4_pool": "",
            "dns_name": "alb-1222108632.us-east-2.elb.amazonaws.com",
            "drop_invalid_header_fields": false,
            "enable_cross_zone_load_balancing": null,
            "enable_deletion_protection": false,
            "enable_http2": true,
            "id": "arn:aws:elasticloadbalancing:us-east-2:999329133891:loadbalancer/app/alb/c17a4b9e72edb98f",
            "idle_timeout": 60,
            "internal": false,
            "ip_address_type": "ipv4",
            "load_balancer_type": "application",
            "name": "alb",
            "name_prefix": null,
            "security_groups": [
              "sg-03353760fa172a167"
            ],
            "subnet_mapping": [
              {
                "allocation_id": "",
                "outpost_id": "",
                "private_ipv4_address": "",
                "subnet_id": "subnet-0425efa7e4519bc89"
              },
              {
                "allocation_id": "",
                "outpost_id": "",
                "private_ipv4_address": "",
                "subnet_id": "subnet-09257d5c2f8315adf"
              }
            ],
            "subnets": [
              "subnet-0425efa7e4519bc89",
              "subnet-09257d5c2f8315adf"
            ],
            "tags": {},
            "timeouts": null,
            "vpc_id": "vpc-089fa701bcf37d426",
            "zone_id": "Z3AADJGX6KTTL2"
          },
          "private": "eyJlMmJmYjczMC1lY2FhLTExZTYtOGY4OC0zNDM2M2JjN2M0YzAiOnsiY3JlYXRlIjo2MDAwMDAwMDAwMDAsImRlbGV0ZSI6NjAwMDAwMDAwMDAwLCJ1cGRhdGUiOjYwMDAwMDAwMDAwMH19",
          "dependencies": [
            "aws_security_group.web_access",
            "aws_subnet.subnet_az_a",
            "aws_subnet.subnet_az_b",
            "aws_vpc.vpc"
          ]
        }
      ]
    },
    {
      "mode": "managed",
      "type": "aws_alb_listener",
      "name": "alb_listener_http",
      "provider": "provider.aws",
      "instances": [
        {
          "schema_version": 0,
          "attributes": {
            "arn": "arn:aws:elasticloadbalancing:us-east-2:999329133891:listener/app/alb/c17a4b9e72edb98f/c33d81222553f1ec",
            "certificate_arn": null,
            "default_action": [
              {
                "authenticate_cognito": [],
                "authenticate_oidc": [],
                "fixed_response": [],
                "forward": [],
                "order": 1,
                "redirect": [],
                "target_group_arn": "arn:aws:elasticloadbalancing:us-east-2:999329133891:targetgroup/target-group-http/16ace5fc461ff3a4",
                "type": "forward"
              }
            ],
            "id": "arn:aws:elasticloadbalancing:us-east-2:999329133891:listener/app/alb/c17a4b9e72edb98f/c33d81222553f1ec",
            "load_balancer_arn": "arn:aws:elasticloadbalancing:us-east-2:999329133891:loadbalancer/app/alb/c17a4b9e72edb98f",
            "port": 8080,
            "protocol": "HTTP",
            "ssl_policy": "",
            "timeouts": null
          },
          "private": "eyJlMmJmYjczMC1lY2FhLTExZTYtOGY4OC0zNDM2M2JjN2M0YzAiOnsicmVhZCI6NjAwMDAwMDAwMDAwfX0=",
          "dependencies": [
            "aws_alb.alb",
            "aws_alb_target_group.alb_target_group_http",
            "aws_security_group.web_access",
            "aws_subnet.subnet_az_a",
            "aws_subnet.subnet_az_b",
            "aws_vpc.vpc"
          ]
        }
      ]
    },
    {
      "mode": "managed",
      "type": "aws_alb_listener",
      "name": "alb_listener_https",
      "provider": "provider.aws",
      "instances": [
        {
          "schema_version": 0,
          "attributes": {
            "arn": "arn:aws:elasticloadbalancing:us-east-2:999329133891:listener/app/alb/c17a4b9e72edb98f/a579069c6faf09f1",
            "certificate_arn": "arn:aws:acm:us-east-2:999329133891:certificate/824b5548-b89c-4402-b604-03dac6062dd9",
            "default_action": [
              {
                "authenticate_cognito": [],
                "authenticate_oidc": [],
                "fixed_response": [],
                "forward": [],
                "order": 1,
                "redirect": [],
                "target_group_arn": "arn:aws:elasticloadbalancing:us-east-2:999329133891:targetgroup/target-group-http/16ace5fc461ff3a4",
                "type": "forward"
              }
            ],
            "id": "arn:aws:elasticloadbalancing:us-east-2:999329133891:listener/app/alb/c17a4b9e72edb98f/a579069c6faf09f1",
            "load_balancer_arn": "arn:aws:elasticloadbalancing:us-east-2:999329133891:loadbalancer/app/alb/c17a4b9e72edb98f",
            "port": 443,
            "protocol": "HTTPS",
            "ssl_policy": "ELBSecurityPolicy-2016-08",
            "timeouts": null
          },
          "private": "eyJlMmJmYjczMC1lY2FhLTExZTYtOGY4OC0zNDM2M2JjN2M0YzAiOnsicmVhZCI6NjAwMDAwMDAwMDAwfX0=",
          "dependencies": [
            "aws_alb.alb",
            "aws_alb_target_group.alb_target_group_http",
            "aws_security_group.web_access",
            "aws_subnet.subnet_az_a",
            "aws_subnet.subnet_az_b",
            "aws_vpc.vpc"
          ]
        }
      ]
    },
    {
      "mode": "managed",
      "type": "aws_alb_listener_rule",
      "name": "listener_rule_http",
      "provider": "provider.aws",
      "instances": [
        {
          "schema_version": 0,
          "attributes": {
            "action": [
              {
                "authenticate_cognito": [],
                "authenticate_oidc": [],
                "fixed_response": [],
                "forward": [],
                "order": 1,
                "redirect": [],
                "target_group_arn": "arn:aws:elasticloadbalancing:us-east-2:999329133891:targetgroup/target-group-http/16ace5fc461ff3a4",
                "type": "forward"
              }
            ],
            "arn": "arn:aws:elasticloadbalancing:us-east-2:999329133891:listener-rule/app/alb/c17a4b9e72edb98f/a579069c6faf09f1/24168c08b33c34a6",
            "condition": [
              {
                "host_header": [
                  {
                    "values": [
                      "www.ovpdevops.xyz"
                    ]
                  }
                ],
                "http_header": [],
                "http_request_method": [],
                "path_pattern": [],
                "query_string": [],
                "source_ip": []
              }
            ],
            "id": "arn:aws:elasticloadbalancing:us-east-2:999329133891:listener-rule/app/alb/c17a4b9e72edb98f/a579069c6faf09f1/24168c08b33c34a6",
            "listener_arn": "arn:aws:elasticloadbalancing:us-east-2:999329133891:listener/app/alb/c17a4b9e72edb98f/a579069c6faf09f1",
            "priority": 1
          },
          "private": "bnVsbA==",
          "dependencies": [
            "aws_alb.alb",
            "aws_alb_listener.alb_listener_https",
            "aws_alb_target_group.alb_target_group_http",
            "aws_security_group.web_access",
            "aws_subnet.subnet_az_a",
            "aws_subnet.subnet_az_b",
            "aws_vpc.vpc"
          ]
        }
      ]
    },
    {
      "mode": "managed",
      "type": "aws_alb_target_group",
      "name": "alb_target_group_http",
      "provider": "provider.aws",
      "instances": [
        {
          "schema_version": 0,
          "attributes": {
            "arn": "arn:aws:elasticloadbalancing:us-east-2:999329133891:targetgroup/target-group-http/16ace5fc461ff3a4",
            "arn_suffix": "targetgroup/target-group-http/16ace5fc461ff3a4",
            "deregistration_delay": 300,
            "health_check": [
              {
                "enabled": true,
                "healthy_threshold": 3,
                "interval": 30,
                "matcher": "200",
                "path": "/login",
                "port": "8080",
                "protocol": "HTTP",
                "timeout": 5,
                "unhealthy_threshold": 3
              }
            ],
            "id": "arn:aws:elasticloadbalancing:us-east-2:999329133891:targetgroup/target-group-http/16ace5fc461ff3a4",
            "lambda_multi_value_headers_enabled": false,
            "load_balancing_algorithm_type": "round_robin",
            "name": "target-group-http",
            "name_prefix": null,
            "port": 8080,
            "protocol": "HTTP",
            "proxy_protocol_v2": false,
            "slow_start": 0,
            "stickiness": [
              {
                "cookie_duration": 86400,
                "enabled": true,
                "type": "lb_cookie"
              }
            ],
            "tags": {},
            "target_type": "instance",
            "vpc_id": "vpc-089fa701bcf37d426"
          },
          "private": "bnVsbA==",
          "dependencies": [
            "aws_vpc.vpc"
          ]
        }
      ]
    },
    {
      "mode": "managed",
      "type": "aws_iam_access_key",
      "name": "prometheus_access_key",
      "provider": "provider.aws",
      "instances": [
        {
          "schema_version": 0,
          "attributes": {
            "encrypted_secret": null,
            "id": "AKIA6RLFIOVBYNALK4MU",
            "key_fingerprint": null,
            "pgp_key": null,
            "secret": "k/fhMVz3CHfG/VeAAS4NGN8JEWacofV6k4eSup6i",
            "ses_smtp_password_v4": "BB1b3VPqvJeQZ36ZG75cdDEdk24ckpc/KYEcqJjaDSIB",
            "status": "Active",
            "user": "prometheus_ec2_access"
          },
          "private": "bnVsbA==",
          "dependencies": [
            "aws_iam_user.prometheus_iam"
          ]
        }
      ]
    },
    {
      "mode": "managed",
      "type": "aws_iam_user",
      "name": "prometheus_iam",
      "provider": "provider.aws",
      "instances": [
        {
          "schema_version": 0,
          "attributes": {
            "arn": "arn:aws:iam::999329133891:user/prometheus_ec2_access",
            "force_destroy": false,
            "id": "prometheus_ec2_access",
            "name": "prometheus_ec2_access",
            "path": "/",
            "permissions_boundary": null,
            "tags": {},
            "unique_id": "AIDA6RLFIOVBW4O45UZA2"
          },
          "private": "bnVsbA=="
        }
      ]
    },
    {
      "mode": "managed",
      "type": "aws_iam_user_policy",
      "name": "prometheus_role",
      "provider": "provider.aws",
      "instances": [
        {
          "schema_version": 0,
          "attributes": {
            "id": "prometheus_ec2_access:prometheus_ec2_access_role",
            "name": "prometheus_ec2_access_role",
            "name_prefix": null,
            "policy": "{\n    \"Version\": \"2012-10-17\",\n    \"Statement\": [\n        {\n            \"Effect\": \"Allow\",\n            \"Action\": \"ec2:Describe*\",\n            \"Resource\": \"*\"\n        }\n    ]\n}\n",
            "user": "prometheus_ec2_access"
          },
          "private": "bnVsbA==",
          "dependencies": [
            "aws_iam_user.prometheus_iam"
          ]
        }
      ]
    },
    {
      "mode": "managed",
      "type": "aws_instance",
      "name": "prometheus_a",
      "provider": "provider.aws",
      "instances": [
        {
          "schema_version": 1,
          "attributes": {
            "ami": "ami-0dd9f0e7df0f0a138",
            "arn": "arn:aws:ec2:us-east-2:999329133891:instance/i-0ab73382280e56733",
            "associate_public_ip_address": true,
            "availability_zone": "us-east-2a",
            "cpu_core_count": 1,
            "cpu_threads_per_core": 1,
            "credit_specification": [
              {
                "cpu_credits": "standard"
              }
            ],
            "disable_api_termination": false,
            "ebs_block_device": [],
            "ebs_optimized": false,
            "enclave_options": [
              {
                "enabled": false
              }
            ],
            "ephemeral_block_device": [],
            "get_password_data": false,
            "hibernation": false,
            "host_id": null,
            "iam_instance_profile": "",
            "id": "i-0ab73382280e56733",
            "instance_initiated_shutdown_behavior": null,
            "instance_state": "running",
            "instance_type": "t2.micro",
            "ipv6_address_count": 0,
            "ipv6_addresses": [],
            "key_name": "ovpDevOpsKey",
            "metadata_options": [
              {
                "http_endpoint": "enabled",
                "http_put_response_hop_limit": 1,
                "http_tokens": "optional"
              }
            ],
            "monitoring": false,
            "network_interface": [],
            "outpost_arn": "",
            "password_data": "",
            "placement_group": "",
            "primary_network_interface_id": "eni-02cbe73bb0ad456c4",
            "private_dns": "ip-172-16-16-90.us-east-2.compute.internal",
            "private_ip": "172.16.16.90",
            "public_dns": "",
            "public_ip": "3.15.11.201",
            "root_block_device": [
              {
                "delete_on_termination": true,
                "device_name": "/dev/sda1",
                "encrypted": false,
                "iops": 100,
                "kms_key_id": "",
                "throughput": 0,
                "volume_id": "vol-0900d8ea407a0c419",
                "volume_size": 8,
                "volume_type": "gp2"
              }
            ],
            "secondary_private_ips": [],
            "security_groups": [],
            "source_dest_check": true,
            "subnet_id": "subnet-0e054bb09e2141e30",
            "tags": {},
            "tenancy": "default",
            "timeouts": null,
            "user_data": null,
            "user_data_base64": null,
            "volume_tags": {},
            "vpc_security_group_ids": [
              "sg-0f946130d06f20197"
            ]
          },
          "private": "eyJlMmJmYjczMC1lY2FhLTExZTYtOGY4OC0zNDM2M2JjN2M0YzAiOnsiY3JlYXRlIjo2MDAwMDAwMDAwMDAsImRlbGV0ZSI6MTIwMDAwMDAwMDAwMCwidXBkYXRlIjo2MDAwMDAwMDAwMDB9LCJzY2hlbWFfdmVyc2lvbiI6IjEifQ==",
          "dependencies": [
            "aws_iam_access_key.prometheus_access_key",
            "aws_iam_user.prometheus_iam",
            "aws_key_pair.ovpDevOpsKey",
            "aws_security_group.prometheus_access",
            "aws_subnet.subnet_prom_az_a",
            "aws_vpc.vpc"
          ]
        }
      ]
    },
    {
      "mode": "managed",
      "type": "aws_instance",
      "name": "prometheus_b",
      "provider": "provider.aws",
      "instances": [
        {
          "schema_version": 1,
          "attributes": {
            "ami": "ami-0dd9f0e7df0f0a138",
            "arn": "arn:aws:ec2:us-east-2:999329133891:instance/i-0afc603f5614d12c1",
            "associate_public_ip_address": true,
            "availability_zone": "us-east-2b",
            "cpu_core_count": 1,
            "cpu_threads_per_core": 1,
            "credit_specification": [
              {
                "cpu_credits": "standard"
              }
            ],
            "disable_api_termination": false,
            "ebs_block_device": [],
            "ebs_optimized": false,
            "enclave_options": [
              {
                "enabled": false
              }
            ],
            "ephemeral_block_device": [],
            "get_password_data": false,
            "hibernation": false,
            "host_id": null,
            "iam_instance_profile": "",
            "id": "i-0afc603f5614d12c1",
            "instance_initiated_shutdown_behavior": null,
            "instance_state": "running",
            "instance_type": "t2.micro",
            "ipv6_address_count": 0,
            "ipv6_addresses": [],
            "key_name": "ovpDevOpsKey",
            "metadata_options": [
              {
                "http_endpoint": "enabled",
                "http_put_response_hop_limit": 1,
                "http_tokens": "optional"
              }
            ],
            "monitoring": false,
            "network_interface": [],
            "outpost_arn": "",
            "password_data": "",
            "placement_group": "",
            "primary_network_interface_id": "eni-052d87e231038803b",
            "private_dns": "ip-172-16-32-222.us-east-2.compute.internal",
            "private_ip": "172.16.32.222",
            "public_dns": "",
            "public_ip": "3.138.198.210",
            "root_block_device": [
              {
                "delete_on_termination": true,
                "device_name": "/dev/sda1",
                "encrypted": false,
                "iops": 100,
                "kms_key_id": "",
                "throughput": 0,
                "volume_id": "vol-0227541c2dba32242",
                "volume_size": 8,
                "volume_type": "gp2"
              }
            ],
            "secondary_private_ips": [],
            "security_groups": [],
            "source_dest_check": true,
            "subnet_id": "subnet-017588f80ebfcd972",
            "tags": {},
            "tenancy": "default",
            "timeouts": null,
            "user_data": null,
            "user_data_base64": null,
            "volume_tags": {},
            "vpc_security_group_ids": [
              "sg-0f946130d06f20197"
            ]
          },
          "private": "eyJlMmJmYjczMC1lY2FhLTExZTYtOGY4OC0zNDM2M2JjN2M0YzAiOnsiY3JlYXRlIjo2MDAwMDAwMDAwMDAsImRlbGV0ZSI6MTIwMDAwMDAwMDAwMCwidXBkYXRlIjo2MDAwMDAwMDAwMDB9LCJzY2hlbWFfdmVyc2lvbiI6IjEifQ==",
          "dependencies": [
            "aws_iam_access_key.prometheus_access_key",
            "aws_iam_user.prometheus_iam",
            "aws_key_pair.ovpDevOpsKey",
            "aws_security_group.prometheus_access",
            "aws_subnet.subnet_prom_az_b",
            "aws_vpc.vpc"
          ]
        }
      ]
    },
    {
      "mode": "managed",
      "type": "aws_instance",
      "name": "web_a",
      "each": "list",
      "provider": "provider.aws",
      "instances": [
        {
          "index_key": 0,
          "schema_version": 1,
          "attributes": {
            "ami": "ami-0a0ad6b70e61be944",
            "arn": "arn:aws:ec2:us-east-2:999329133891:instance/i-0bdd408248d47dea1",
            "associate_public_ip_address": true,
            "availability_zone": "us-east-2b",
            "cpu_core_count": 1,
            "cpu_threads_per_core": 1,
            "credit_specification": [
              {
                "cpu_credits": "standard"
              }
            ],
            "disable_api_termination": false,
            "ebs_block_device": [],
            "ebs_optimized": false,
            "enclave_options": [
              {
                "enabled": false
              }
            ],
            "ephemeral_block_device": [],
            "get_password_data": false,
            "hibernation": false,
            "host_id": null,
            "iam_instance_profile": "",
            "id": "i-0bdd408248d47dea1",
            "instance_initiated_shutdown_behavior": null,
            "instance_state": "running",
            "instance_type": "t2.micro",
            "ipv6_address_count": 0,
            "ipv6_addresses": [],
            "key_name": "ovpDevOpsKey",
            "metadata_options": [
              {
                "http_endpoint": "enabled",
                "http_put_response_hop_limit": 1,
                "http_tokens": "optional"
              }
            ],
            "monitoring": false,
            "network_interface": [],
            "outpost_arn": "",
            "password_data": "",
            "placement_group": "",
            "primary_network_interface_id": "eni-03b8a881603ace67a",
            "private_dns": "ip-172-16-32-180.us-east-2.compute.internal",
            "private_ip": "172.16.32.180",
            "public_dns": "",
            "public_ip": "18.222.137.207",
            "root_block_device": [
              {
                "delete_on_termination": true,
                "device_name": "/dev/xvda",
                "encrypted": false,
                "iops": 100,
                "kms_key_id": "",
                "throughput": 0,
                "volume_id": "vol-011d707b8488c157c",
                "volume_size": 8,
                "volume_type": "gp2"
              }
            ],
            "secondary_private_ips": [],
            "security_groups": [],
            "source_dest_check": true,
            "subnet_id": "subnet-017588f80ebfcd972",
            "tags": {
              "Role": "WebServer"
            },
            "tenancy": "default",
            "timeouts": null,
            "user_data": null,
            "user_data_base64": null,
            "volume_tags": {},
            "vpc_security_group_ids": [
              "sg-03353760fa172a167",
              "sg-09f5b17437fe952dc",
              "sg-0f946130d06f20197"
            ]
          },
          "private": "eyJlMmJmYjczMC1lY2FhLTExZTYtOGY4OC0zNDM2M2JjN2M0YzAiOnsiY3JlYXRlIjo2MDAwMDAwMDAwMDAsImRlbGV0ZSI6MTIwMDAwMDAwMDAwMCwidXBkYXRlIjo2MDAwMDAwMDAwMDB9LCJzY2hlbWFfdmVyc2lvbiI6IjEifQ==",
          "dependencies": [
            "aws_key_pair.ovpDevOpsKey",
            "aws_security_group.internal_access",
            "aws_security_group.prometheus_access",
            "aws_security_group.web_access"
          ]
        }
      ]
    },
    {
      "mode": "managed",
      "type": "aws_instance",
      "name": "web_b",
      "each": "list",
      "provider": "provider.aws",
      "instances": [
        {
          "index_key": 0,
          "schema_version": 1,
          "attributes": {
            "ami": "ami-0a0ad6b70e61be944",
            "arn": "arn:aws:ec2:us-east-2:999329133891:instance/i-0368188a2f38b02aa",
            "associate_public_ip_address": true,
            "availability_zone": "us-east-2b",
            "cpu_core_count": 1,
            "cpu_threads_per_core": 1,
            "credit_specification": [
              {
                "cpu_credits": "standard"
              }
            ],
            "disable_api_termination": false,
            "ebs_block_device": [],
            "ebs_optimized": false,
            "enclave_options": [
              {
                "enabled": false
              }
            ],
            "ephemeral_block_device": [],
            "get_password_data": false,
            "hibernation": false,
            "host_id": null,
            "iam_instance_profile": "",
            "id": "i-0368188a2f38b02aa",
            "instance_initiated_shutdown_behavior": null,
            "instance_state": "running",
            "instance_type": "t2.micro",
            "ipv6_address_count": 0,
            "ipv6_addresses": [],
            "key_name": "ovpDevOpsKey",
            "metadata_options": [
              {
                "http_endpoint": "enabled",
                "http_put_response_hop_limit": 1,
                "http_tokens": "optional"
              }
            ],
            "monitoring": false,
            "network_interface": [],
            "outpost_arn": "",
            "password_data": "",
            "placement_group": "",
            "primary_network_interface_id": "eni-06227fd00dceb34cc",
            "private_dns": "ip-172-16-32-200.us-east-2.compute.internal",
            "private_ip": "172.16.32.200",
            "public_dns": "",
            "public_ip": "3.17.172.48",
            "root_block_device": [
              {
                "delete_on_termination": true,
                "device_name": "/dev/xvda",
                "encrypted": false,
                "iops": 100,
                "kms_key_id": "",
                "throughput": 0,
                "volume_id": "vol-0b0d786727a5e2c57",
                "volume_size": 8,
                "volume_type": "gp2"
              }
            ],
            "secondary_private_ips": [],
            "security_groups": [],
            "source_dest_check": true,
            "subnet_id": "subnet-017588f80ebfcd972",
            "tags": {
              "Role": "WebServer"
            },
            "tenancy": "default",
            "timeouts": null,
            "user_data": null,
            "user_data_base64": null,
            "volume_tags": {},
            "vpc_security_group_ids": [
              "sg-03353760fa172a167",
              "sg-09f5b17437fe952dc",
              "sg-0f946130d06f20197"
            ]
          },
          "private": "eyJlMmJmYjczMC1lY2FhLTExZTYtOGY4OC0zNDM2M2JjN2M0YzAiOnsiY3JlYXRlIjo2MDAwMDAwMDAwMDAsImRlbGV0ZSI6MTIwMDAwMDAwMDAwMCwidXBkYXRlIjo2MDAwMDAwMDAwMDB9LCJzY2hlbWFfdmVyc2lvbiI6IjEifQ==",
          "dependencies": [
            "aws_key_pair.ovpDevOpsKey",
            "aws_security_group.internal_access",
            "aws_security_group.prometheus_access",
            "aws_security_group.web_access"
          ]
        }
      ]
    },
    {
      "mode": "managed",
      "type": "aws_internet_gateway",
      "name": "gw",
      "provider": "provider.aws",
      "instances": [
        {
          "schema_version": 0,
          "attributes": {
            "arn": "arn:aws:ec2:us-east-2:999329133891:internet-gateway/igw-014fe2edc17724a9f",
            "id": "igw-014fe2edc17724a9f",
            "owner_id": "999329133891",
            "tags": {},
            "vpc_id": "vpc-089fa701bcf37d426"
          },
          "private": "bnVsbA==",
          "dependencies": [
            "aws_vpc.vpc"
          ]
        }
      ]
    },
    {
      "mode": "managed",
      "type": "aws_key_pair",
      "name": "ovpDevOpsKey",
      "provider": "provider.aws",
      "instances": [
        {
          "schema_version": 1,
          "attributes": {
            "arn": "arn:aws:ec2:us-east-2:999329133891:key-pair/ovpDevOpsKey",
            "fingerprint": "97:e7:1b:0f:9d:bb:b0:78:9d:fc:de:96:2b:b6:63:34",
            "id": "ovpDevOpsKey",
            "key_name": "ovpDevOpsKey",
            "key_name_prefix": null,
            "key_pair_id": "key-0b4de68f5ad8e7062",
            "public_key": "ssh-rsa AAAAB3NzaC1yc2EAAAADAQABAAABAQDgIHoaDYyn8uaeMdWQFj7CFHUjKKkj37tOqfiYBvg6pd6uGEqYOh1xEDz+MCDgIoLf0Mxhz+ai7bfWgGfkPHxIoQMYwxJHOiLIR2nOl5FgTXOJh3DDHJpTxxZtKu2C2v/UjVsETJTK8gPHG4qbZJjIgNLRyax/q8cop9HHIN/IvGnY72UsVn/qjA+ldS+m3p0zpGjix55EtzEgqJX7ZpmmuctKdReGbpCgtk/UWTFhPCX79A1M0Il/hCgbIeNg6i1Vq4USi0r3FFAMztJtARbhVDY+0WOAWZkm1uf8IfT/IcQupx9n2ZbIYBIGaGcU5ivYg/C4nusValQxMiiBoo7D",
            "tags": {}
          },
          "private": "eyJzY2hlbWFfdmVyc2lvbiI6IjEifQ=="
        }
      ]
    },
    {
      "mode": "managed",
      "type": "aws_lb_target_group_attachment",
      "name": "attach_web_a",
      "each": "list",
      "provider": "provider.aws",
      "instances": [
        {
          "index_key": 0,
          "schema_version": 0,
          "attributes": {
            "availability_zone": null,
            "id": "arn:aws:elasticloadbalancing:us-east-2:999329133891:targetgroup/target-group-http/16ace5fc461ff3a4-20210110193025676200000001",
            "port": 8080,
            "target_group_arn": "arn:aws:elasticloadbalancing:us-east-2:999329133891:targetgroup/target-group-http/16ace5fc461ff3a4",
            "target_id": "i-0bdd408248d47dea1"
          },
          "private": "bnVsbA==",
          "dependencies": [
            "aws_alb_target_group.alb_target_group_http",
            "aws_instance.web_a",
            "aws_key_pair.ovpDevOpsKey",
            "aws_security_group.internal_access",
            "aws_security_group.prometheus_access",
            "aws_security_group.web_access"
          ]
        }
      ]
    },
    {
      "mode": "managed",
      "type": "aws_lb_target_group_attachment",
      "name": "attach_web_b",
      "each": "list",
      "provider": "provider.aws",
      "instances": [
        {
          "index_key": 0,
          "schema_version": 0,
          "attributes": {
            "availability_zone": null,
            "id": "arn:aws:elasticloadbalancing:us-east-2:999329133891:targetgroup/target-group-http/16ace5fc461ff3a4-20210110193110942900000002",
            "port": 8080,
            "target_group_arn": "arn:aws:elasticloadbalancing:us-east-2:999329133891:targetgroup/target-group-http/16ace5fc461ff3a4",
            "target_id": "i-0bdd408248d47dea1"
          },
          "private": "bnVsbA==",
          "dependencies": [
            "aws_alb_target_group.alb_target_group_http",
            "aws_instance.web_b",
            "aws_key_pair.ovpDevOpsKey",
            "aws_security_group.internal_access",
            "aws_security_group.prometheus_access",
            "aws_security_group.web_access"
          ]
        }
      ]
    },
    {
      "mode": "managed",
      "type": "aws_route",
      "name": "internet_access",
      "provider": "provider.aws",
      "instances": [
        {
          "schema_version": 0,
          "attributes": {
            "destination_cidr_block": "0.0.0.0/0",
            "destination_ipv6_cidr_block": "",
            "destination_prefix_list_id": "",
            "egress_only_gateway_id": "",
            "gateway_id": "igw-014fe2edc17724a9f",
            "id": "r-rtb-0a17d0c8588ccdb841080289494",
            "instance_id": "",
            "instance_owner_id": "",
            "local_gateway_id": "",
            "nat_gateway_id": "",
            "network_interface_id": "",
            "origin": "CreateRoute",
            "route_table_id": "rtb-0a17d0c8588ccdb84",
            "state": "active",
            "timeouts": null,
            "transit_gateway_id": "",
            "vpc_endpoint_id": null,
            "vpc_peering_connection_id": ""
          },
          "private": "eyJlMmJmYjczMC1lY2FhLTExZTYtOGY4OC0zNDM2M2JjN2M0YzAiOnsiY3JlYXRlIjoxMjAwMDAwMDAwMDAsImRlbGV0ZSI6MzAwMDAwMDAwMDAwfX0=",
          "dependencies": [
            "aws_internet_gateway.gw",
            "aws_vpc.vpc"
          ]
        }
      ]
    },
    {
      "mode": "managed",
      "type": "aws_route53_record",
      "name": "A",
      "provider": "provider.aws",
      "instances": [
        {
          "schema_version": 2,
          "attributes": {
            "alias": [
              {
                "evaluate_target_health": true,
                "name": "alb-1222108632.us-east-2.elb.amazonaws.com",
                "zone_id": "Z3AADJGX6KTTL2"
              }
            ],
            "allow_overwrite": null,
            "failover_routing_policy": [],
            "fqdn": "ovpdevops.xyz",
            "geolocation_routing_policy": [],
            "health_check_id": "",
            "id": "Z0085105WOBIU928VUR0_ovpdevops.xyz_A",
            "latency_routing_policy": [],
            "multivalue_answer_routing_policy": null,
            "name": "ovpdevops.xyz",
            "records": [],
            "set_identifier": "",
            "ttl": 0,
            "type": "A",
            "weighted_routing_policy": [],
            "zone_id": "Z0085105WOBIU928VUR0"
          },
          "private": "eyJzY2hlbWFfdmVyc2lvbiI6IjIifQ==",
          "dependencies": [
            "aws_alb.alb",
            "aws_route53_zone.zone",
            "aws_security_group.web_access",
            "aws_subnet.subnet_az_a",
            "aws_subnet.subnet_az_b",
            "aws_vpc.vpc"
          ]
        }
      ]
    },
    {
      "mode": "managed",
      "type": "aws_route53_record",
      "name": "A_www",
      "provider": "provider.aws",
      "instances": [
        {
          "schema_version": 2,
          "attributes": {
            "alias": [
              {
                "evaluate_target_health": true,
                "name": "alb-1222108632.us-east-2.elb.amazonaws.com",
                "zone_id": "Z3AADJGX6KTTL2"
              }
            ],
            "allow_overwrite": null,
            "failover_routing_policy": [],
            "fqdn": "www.ovpdevops.xyz",
            "geolocation_routing_policy": [],
            "health_check_id": "",
            "id": "Z0085105WOBIU928VUR0_www.ovpdevops.xyz_A",
            "latency_routing_policy": [],
            "multivalue_answer_routing_policy": null,
            "name": "www.ovpdevops.xyz",
            "records": [],
            "set_identifier": "",
            "ttl": 0,
            "type": "A",
            "weighted_routing_policy": [],
            "zone_id": "Z0085105WOBIU928VUR0"
          },
          "private": "eyJzY2hlbWFfdmVyc2lvbiI6IjIifQ==",
          "dependencies": [
            "aws_alb.alb",
            "aws_route53_zone.zone",
            "aws_security_group.web_access",
            "aws_subnet.subnet_az_a",
            "aws_subnet.subnet_az_b",
            "aws_vpc.vpc"
          ]
        }
      ]
    },
    {
      "mode": "managed",
      "type": "aws_route53_zone",
      "name": "zone",
      "provider": "provider.aws",
      "instances": [
        {
          "schema_version": 0,
          "attributes": {
            "comment": "Managed by Terraform",
            "delegation_set_id": "",
            "force_destroy": false,
            "id": "Z0085105WOBIU928VUR0",
            "name": "ovpdevops.xyz",
            "name_servers": [
              "ns-1517.awsdns-61.org",
              "ns-156.awsdns-19.com",
              "ns-1779.awsdns-30.co.uk",
              "ns-661.awsdns-18.net"
            ],
            "tags": {},
            "vpc": [],
            "zone_id": "Z0085105WOBIU928VUR0"
          },
          "private": "bnVsbA=="
        }
      ]
    },
    {
      "mode": "managed",
      "type": "aws_security_group",
      "name": "internal_access",
      "provider": "provider.aws",
      "instances": [
        {
          "schema_version": 1,
          "attributes": {
            "arn": "arn:aws:ec2:us-east-2:999329133891:security-group/sg-09f5b17437fe952dc",
            "description": "Provides web and SSH access",
            "egress": [
              {
                "cidr_blocks": [
                  "0.0.0.0/0"
                ],
                "description": "",
                "from_port": 0,
                "ipv6_cidr_blocks": [],
                "prefix_list_ids": [],
                "protocol": "-1",
                "security_groups": [],
                "self": false,
                "to_port": 0
              }
            ],
            "id": "sg-09f5b17437fe952dc",
            "ingress": [
              {
                "cidr_blocks": [
                  "0.0.0.0/0"
                ],
                "description": "",
                "from_port": 22,
                "ipv6_cidr_blocks": [],
                "prefix_list_ids": [],
                "protocol": "tcp",
                "security_groups": [],
                "self": false,
                "to_port": 22
              }
            ],
            "name": "internal_access",
            "name_prefix": "",
            "owner_id": "999329133891",
            "revoke_rules_on_delete": false,
            "tags": {},
            "timeouts": null,
            "vpc_id": "vpc-089fa701bcf37d426"
          },
          "private": "eyJlMmJmYjczMC1lY2FhLTExZTYtOGY4OC0zNDM2M2JjN2M0YzAiOnsiY3JlYXRlIjo2MDAwMDAwMDAwMDAsImRlbGV0ZSI6NjAwMDAwMDAwMDAwfSwic2NoZW1hX3ZlcnNpb24iOiIxIn0=",
          "dependencies": [
            "aws_vpc.vpc"
          ]
        }
      ]
    },
    {
      "mode": "managed",
      "type": "aws_security_group",
      "name": "prometheus_access",
      "provider": "provider.aws",
      "instances": [
        {
          "schema_version": 1,
          "attributes": {
            "arn": "arn:aws:ec2:us-east-2:999329133891:security-group/sg-0f946130d06f20197",
            "description": "Security group for prometheus",
            "egress": [
              {
                "cidr_blocks": [
                  "0.0.0.0/0"
                ],
                "description": "",
                "from_port": 0,
                "ipv6_cidr_blocks": [],
                "prefix_list_ids": [],
                "protocol": "-1",
                "security_groups": [],
                "self": false,
                "to_port": 0
              }
            ],
            "id": "sg-0f946130d06f20197",
            "ingress": [
              {
                "cidr_blocks": [
                  "0.0.0.0/0"
                ],
                "description": "",
                "from_port": 22,
                "ipv6_cidr_blocks": [],
                "prefix_list_ids": [],
                "protocol": "tcp",
                "security_groups": [],
                "self": false,
                "to_port": 22
              },
              {
                "cidr_blocks": [
                  "0.0.0.0/0"
                ],
                "description": "",
                "from_port": 3000,
                "ipv6_cidr_blocks": [],
                "prefix_list_ids": [],
                "protocol": "tcp",
                "security_groups": [],
                "self": false,
                "to_port": 3000
              },
              {
                "cidr_blocks": [
                  "0.0.0.0/0"
                ],
                "description": "",
                "from_port": 9090,
                "ipv6_cidr_blocks": [],
                "prefix_list_ids": [],
                "protocol": "tcp",
                "security_groups": [],
                "self": false,
                "to_port": 9090
              },
              {
                "cidr_blocks": [
                  "0.0.0.0/0"
                ],
                "description": "",
                "from_port": 9100,
                "ipv6_cidr_blocks": [],
                "prefix_list_ids": [],
                "protocol": "tcp",
                "security_groups": [],
                "self": false,
                "to_port": 9100
              }
            ],
            "name": "prometheus_security_group",
            "name_prefix": "",
            "owner_id": "999329133891",
            "revoke_rules_on_delete": false,
            "tags": {},
            "timeouts": null,
            "vpc_id": "vpc-089fa701bcf37d426"
          },
          "private": "eyJlMmJmYjczMC1lY2FhLTExZTYtOGY4OC0zNDM2M2JjN2M0YzAiOnsiY3JlYXRlIjo2MDAwMDAwMDAwMDAsImRlbGV0ZSI6NjAwMDAwMDAwMDAwfSwic2NoZW1hX3ZlcnNpb24iOiIxIn0=",
          "dependencies": [
            "aws_vpc.vpc"
          ]
        }
      ]
    },
    {
      "mode": "managed",
      "type": "aws_security_group",
      "name": "web_access",
      "provider": "provider.aws",
      "instances": [
        {
          "schema_version": 1,
          "attributes": {
            "arn": "arn:aws:ec2:us-east-2:999329133891:security-group/sg-03353760fa172a167",
            "description": "Provides web access from the internet",
            "egress": [
              {
                "cidr_blocks": [
                  "0.0.0.0/0"
                ],
                "description": "",
                "from_port": 0,
                "ipv6_cidr_blocks": [],
                "prefix_list_ids": [],
                "protocol": "-1",
                "security_groups": [],
                "self": false,
                "to_port": 0
              }
            ],
            "id": "sg-03353760fa172a167",
            "ingress": [
              {
                "cidr_blocks": [
                  "0.0.0.0/0"
                ],
                "description": "",
                "from_port": 443,
                "ipv6_cidr_blocks": [],
                "prefix_list_ids": [],
                "protocol": "tcp",
                "security_groups": [],
                "self": false,
                "to_port": 443
              },
              {
                "cidr_blocks": [
                  "0.0.0.0/0"
                ],
                "description": "",
                "from_port": 8080,
                "ipv6_cidr_blocks": [],
                "prefix_list_ids": [],
                "protocol": "tcp",
                "security_groups": [],
                "self": false,
                "to_port": 8080
              },
              {
                "cidr_blocks": [
                  "0.0.0.0/0"
                ],
                "description": "",
                "from_port": 80,
                "ipv6_cidr_blocks": [],
                "prefix_list_ids": [],
                "protocol": "tcp",
                "security_groups": [],
                "self": false,
                "to_port": 80
              }
            ],
            "name": "web_access",
            "name_prefix": "",
            "owner_id": "999329133891",
            "revoke_rules_on_delete": false,
            "tags": {},
            "timeouts": null,
            "vpc_id": "vpc-089fa701bcf37d426"
          },
          "private": "eyJlMmJmYjczMC1lY2FhLTExZTYtOGY4OC0zNDM2M2JjN2M0YzAiOnsiY3JlYXRlIjo2MDAwMDAwMDAwMDAsImRlbGV0ZSI6NjAwMDAwMDAwMDAwfSwic2NoZW1hX3ZlcnNpb24iOiIxIn0=",
          "dependencies": [
            "aws_vpc.vpc"
          ]
        }
      ]
    },
    {
      "mode": "managed",
      "type": "aws_subnet",
      "name": "subnet_az_a",
      "provider": "provider.aws",
      "instances": [
        {
          "schema_version": 1,
          "attributes": {
            "arn": "arn:aws:ec2:us-east-2:999329133891:subnet/subnet-0425efa7e4519bc89",
            "assign_ipv6_address_on_creation": false,
            "availability_zone": "us-east-2a",
            "availability_zone_id": "use2-az1",
            "cidr_block": "172.16.64.0/24",
            "id": "subnet-0425efa7e4519bc89",
            "ipv6_cidr_block": "",
            "ipv6_cidr_block_association_id": "",
            "map_public_ip_on_launch": true,
            "outpost_arn": "",
            "owner_id": "999329133891",
            "tags": {},
            "timeouts": null,
            "vpc_id": "vpc-089fa701bcf37d426"
          },
          "private": "eyJlMmJmYjczMC1lY2FhLTExZTYtOGY4OC0zNDM2M2JjN2M0YzAiOnsiY3JlYXRlIjo2MDAwMDAwMDAwMDAsImRlbGV0ZSI6MTIwMDAwMDAwMDAwMH0sInNjaGVtYV92ZXJzaW9uIjoiMSJ9",
          "dependencies": [
            "aws_vpc.vpc"
          ]
        }
      ]
    },
    {
      "mode": "managed",
      "type": "aws_subnet",
      "name": "subnet_az_b",
      "provider": "provider.aws",
      "instances": [
        {
          "schema_version": 1,
          "attributes": {
            "arn": "arn:aws:ec2:us-east-2:999329133891:subnet/subnet-09257d5c2f8315adf",
            "assign_ipv6_address_on_creation": false,
            "availability_zone": "us-east-2b",
            "availability_zone_id": "use2-az2",
            "cidr_block": "172.16.128.0/24",
            "id": "subnet-09257d5c2f8315adf",
            "ipv6_cidr_block": "",
            "ipv6_cidr_block_association_id": "",
            "map_public_ip_on_launch": true,
            "outpost_arn": "",
            "owner_id": "999329133891",
            "tags": {},
            "timeouts": null,
            "vpc_id": "vpc-089fa701bcf37d426"
          },
          "private": "eyJlMmJmYjczMC1lY2FhLTExZTYtOGY4OC0zNDM2M2JjN2M0YzAiOnsiY3JlYXRlIjo2MDAwMDAwMDAwMDAsImRlbGV0ZSI6MTIwMDAwMDAwMDAwMH0sInNjaGVtYV92ZXJzaW9uIjoiMSJ9",
          "dependencies": [
            "aws_vpc.vpc"
          ]
        }
      ]
    },
    {
      "mode": "managed",
      "type": "aws_subnet",
      "name": "subnet_prom_az_a",
      "provider": "provider.aws",
      "instances": [
        {
          "schema_version": 1,
          "attributes": {
            "arn": "arn:aws:ec2:us-east-2:999329133891:subnet/subnet-0e054bb09e2141e30",
            "assign_ipv6_address_on_creation": false,
            "availability_zone": "us-east-2a",
            "availability_zone_id": "use2-az1",
            "cidr_block": "172.16.16.0/24",
            "id": "subnet-0e054bb09e2141e30",
            "ipv6_cidr_block": "",
            "ipv6_cidr_block_association_id": "",
            "map_public_ip_on_launch": true,
            "outpost_arn": "",
            "owner_id": "999329133891",
            "tags": {},
            "timeouts": null,
            "vpc_id": "vpc-089fa701bcf37d426"
          },
          "private": "eyJlMmJmYjczMC1lY2FhLTExZTYtOGY4OC0zNDM2M2JjN2M0YzAiOnsiY3JlYXRlIjo2MDAwMDAwMDAwMDAsImRlbGV0ZSI6MTIwMDAwMDAwMDAwMH0sInNjaGVtYV92ZXJzaW9uIjoiMSJ9",
          "dependencies": [
            "aws_vpc.vpc"
          ]
        }
      ]
    },
    {
      "mode": "managed",
      "type": "aws_subnet",
      "name": "subnet_prom_az_b",
      "provider": "provider.aws",
      "instances": [
        {
          "schema_version": 1,
          "attributes": {
            "arn": "arn:aws:ec2:us-east-2:999329133891:subnet/subnet-017588f80ebfcd972",
            "assign_ipv6_address_on_creation": false,
            "availability_zone": "us-east-2b",
            "availability_zone_id": "use2-az2",
            "cidr_block": "172.16.32.0/24",
            "id": "subnet-017588f80ebfcd972",
            "ipv6_cidr_block": "",
            "ipv6_cidr_block_association_id": "",
            "map_public_ip_on_launch": true,
            "outpost_arn": "",
            "owner_id": "999329133891",
            "tags": {},
            "timeouts": null,
            "vpc_id": "vpc-089fa701bcf37d426"
          },
          "private": "eyJlMmJmYjczMC1lY2FhLTExZTYtOGY4OC0zNDM2M2JjN2M0YzAiOnsiY3JlYXRlIjo2MDAwMDAwMDAwMDAsImRlbGV0ZSI6MTIwMDAwMDAwMDAwMH0sInNjaGVtYV92ZXJzaW9uIjoiMSJ9",
          "dependencies": [
            "aws_vpc.vpc"
          ]
        }
      ]
    },
    {
      "mode": "managed",
      "type": "aws_vpc",
      "name": "vpc",
      "provider": "provider.aws",
      "instances": [
        {
          "schema_version": 1,
          "attributes": {
            "arn": "arn:aws:ec2:us-east-2:999329133891:vpc/vpc-089fa701bcf37d426",
            "assign_generated_ipv6_cidr_block": false,
            "cidr_block": "172.16.0.0/16",
            "default_network_acl_id": "acl-04a2223282d0a4bab",
            "default_route_table_id": "rtb-0a17d0c8588ccdb84",
            "default_security_group_id": "sg-03b60c7df1e26236b",
            "dhcp_options_id": "dopt-1fdf5b74",
            "enable_classiclink": null,
            "enable_classiclink_dns_support": null,
            "enable_dns_hostnames": false,
            "enable_dns_support": true,
            "id": "vpc-089fa701bcf37d426",
            "instance_tenancy": "default",
            "ipv6_association_id": "",
            "ipv6_cidr_block": "",
            "main_route_table_id": "rtb-0a17d0c8588ccdb84",
            "owner_id": "999329133891",
            "tags": {}
          },
          "private": "eyJzY2hlbWFfdmVyc2lvbiI6IjEifQ=="
        }
      ]
    }
  ]
}
