{
  "version": 4,
  "terraform_version": "0.12.24",
  "serial": 282,
  "lineage": "a7dd2240-7020-bbb5-43cd-661fea0f9fa2",
  "outputs": {
    "address": {
      "value": "alb-840753606.us-east-2.elb.amazonaws.com",
      "type": "string"
    },
    "name_servers": {
      "value": [
        "ns-1262.awsdns-29.org",
        "ns-137.awsdns-17.com",
        "ns-1746.awsdns-26.co.uk",
        "ns-902.awsdns-48.net"
      ],
      "type": [
        "list",
        "string"
      ]
    }
  },
  "resources": [
    {
      "mode": "managed",
      "type": "aws_alb",
      "name": "alb",
      "provider": "provider.aws",
      "instances": [
        {
          "schema_version": 0,
          "attributes": {
            "access_logs": [
              {
                "bucket": "",
                "enabled": false,
                "prefix": ""
              }
            ],
            "arn": "arn:aws:elasticloadbalancing:us-east-2:999329133891:loadbalancer/app/alb/6b0087918f2a7bdf",
            "arn_suffix": "app/alb/6b0087918f2a7bdf",
            "customer_owned_ipv4_pool": "",
            "dns_name": "alb-840753606.us-east-2.elb.amazonaws.com",
            "drop_invalid_header_fields": false,
            "enable_cross_zone_load_balancing": null,
            "enable_deletion_protection": false,
            "enable_http2": true,
            "id": "arn:aws:elasticloadbalancing:us-east-2:999329133891:loadbalancer/app/alb/6b0087918f2a7bdf",
            "idle_timeout": 60,
            "internal": false,
            "ip_address_type": "ipv4",
            "load_balancer_type": "application",
            "name": "alb",
            "name_prefix": null,
            "security_groups": [
              "sg-043cda178e8cac141"
            ],
            "subnet_mapping": [
              {
                "allocation_id": "",
                "outpost_id": "",
                "private_ipv4_address": "",
                "subnet_id": "subnet-01c80cec8d7f24748"
              },
              {
                "allocation_id": "",
                "outpost_id": "",
                "private_ipv4_address": "",
                "subnet_id": "subnet-09348651f81081bbb"
              }
            ],
            "subnets": [
              "subnet-01c80cec8d7f24748",
              "subnet-09348651f81081bbb"
            ],
            "tags": {},
            "timeouts": null,
            "vpc_id": "vpc-04a108eddcb6444e4",
            "zone_id": "Z3AADJGX6KTTL2"
          },
          "private": "eyJlMmJmYjczMC1lY2FhLTExZTYtOGY4OC0zNDM2M2JjN2M0YzAiOnsiY3JlYXRlIjo2MDAwMDAwMDAwMDAsImRlbGV0ZSI6NjAwMDAwMDAwMDAwLCJ1cGRhdGUiOjYwMDAwMDAwMDAwMH19",
          "dependencies": [
            "aws_security_group.web_access",
            "aws_subnet.subnet_az_a",
            "aws_subnet.subnet_az_b",
            "aws_vpc.vpc"
          ]
        }
      ]
    },
    {
      "mode": "managed",
      "type": "aws_alb_listener",
      "name": "alb_listener",
      "provider": "provider.aws",
      "instances": [
        {
          "schema_version": 0,
          "attributes": {
            "arn": "arn:aws:elasticloadbalancing:us-east-2:999329133891:listener/app/alb/6b0087918f2a7bdf/1acde8ddf2872901",
            "certificate_arn": "arn:aws:acm:us-east-2:999329133891:certificate/391784a9-c098-42e4-9aaa-cf77ec425fd8",
            "default_action": [
              {
                "authenticate_cognito": [],
                "authenticate_oidc": [],
                "fixed_response": [],
                "forward": [],
                "order": 1,
                "redirect": [],
                "target_group_arn": "arn:aws:elasticloadbalancing:us-east-2:999329133891:targetgroup/target-group/657636bca2b39478",
                "type": "forward"
              }
            ],
            "id": "arn:aws:elasticloadbalancing:us-east-2:999329133891:listener/app/alb/6b0087918f2a7bdf/1acde8ddf2872901",
            "load_balancer_arn": "arn:aws:elasticloadbalancing:us-east-2:999329133891:loadbalancer/app/alb/6b0087918f2a7bdf",
            "port": 443,
            "protocol": "HTTPS",
            "ssl_policy": "ELBSecurityPolicy-2016-08",
            "timeouts": null
          },
          "private": "eyJlMmJmYjczMC1lY2FhLTExZTYtOGY4OC0zNDM2M2JjN2M0YzAiOnsicmVhZCI6NjAwMDAwMDAwMDAwfX0=",
          "dependencies": [
            "aws_alb.alb",
            "aws_alb_target_group.alb_target_group",
            "aws_security_group.web_access",
            "aws_subnet.subnet_az_a",
            "aws_subnet.subnet_az_b",
            "aws_vpc.vpc"
          ]
        }
      ]
    },
    {
      "mode": "managed",
      "type": "aws_alb_listener",
      "name": "listener_http",
      "provider": "provider.aws",
      "instances": [
        {
          "schema_version": 0,
          "attributes": {
            "arn": "arn:aws:elasticloadbalancing:us-east-2:999329133891:listener/app/alb/6b0087918f2a7bdf/f7f2a1f03bb886c6",
            "certificate_arn": null,
            "default_action": [
              {
                "authenticate_cognito": [],
                "authenticate_oidc": [],
                "fixed_response": [],
                "forward": [],
                "order": 1,
                "redirect": [],
                "target_group_arn": "arn:aws:elasticloadbalancing:us-east-2:999329133891:targetgroup/target-group/657636bca2b39478",
                "type": "forward"
              }
            ],
            "id": "arn:aws:elasticloadbalancing:us-east-2:999329133891:listener/app/alb/6b0087918f2a7bdf/f7f2a1f03bb886c6",
            "load_balancer_arn": "arn:aws:elasticloadbalancing:us-east-2:999329133891:loadbalancer/app/alb/6b0087918f2a7bdf",
            "port": 8080,
            "protocol": "HTTP",
            "ssl_policy": "",
            "timeouts": null
          },
          "private": "eyJlMmJmYjczMC1lY2FhLTExZTYtOGY4OC0zNDM2M2JjN2M0YzAiOnsicmVhZCI6NjAwMDAwMDAwMDAwfX0=",
          "dependencies": [
            "aws_alb.alb",
            "aws_alb_target_group.alb_target_group",
            "aws_security_group.web_access",
            "aws_subnet.subnet_az_a",
            "aws_subnet.subnet_az_b",
            "aws_vpc.vpc"
          ]
        }
      ]
    },
    {
      "mode": "managed",
      "type": "aws_alb_listener_rule",
      "name": "listener_rule",
      "provider": "provider.aws",
      "instances": [
        {
          "schema_version": 0,
          "attributes": {
            "action": [
              {
                "authenticate_cognito": [],
                "authenticate_oidc": [],
                "fixed_response": [],
                "forward": [],
                "order": 1,
                "redirect": [],
                "target_group_arn": "arn:aws:elasticloadbalancing:us-east-2:999329133891:targetgroup/target-group/657636bca2b39478",
                "type": "forward"
              }
            ],
            "arn": "arn:aws:elasticloadbalancing:us-east-2:999329133891:listener-rule/app/alb/6b0087918f2a7bdf/1acde8ddf2872901/6071be3efab9c297",
            "condition": [
              {
                "host_header": [
                  {
                    "values": [
                      "www.ovpdevops.xyz"
                    ]
                  }
                ],
                "http_header": [],
                "http_request_method": [],
                "path_pattern": [],
                "query_string": [],
                "source_ip": []
              }
            ],
            "id": "arn:aws:elasticloadbalancing:us-east-2:999329133891:listener-rule/app/alb/6b0087918f2a7bdf/1acde8ddf2872901/6071be3efab9c297",
            "listener_arn": "arn:aws:elasticloadbalancing:us-east-2:999329133891:listener/app/alb/6b0087918f2a7bdf/1acde8ddf2872901",
            "priority": 1
          },
          "private": "bnVsbA==",
          "dependencies": [
            "aws_alb.alb",
            "aws_alb_listener.alb_listener",
            "aws_alb_target_group.alb_target_group",
            "aws_security_group.web_access",
            "aws_subnet.subnet_az_a",
            "aws_subnet.subnet_az_b",
            "aws_vpc.vpc"
          ]
        }
      ]
    },
    {
      "mode": "managed",
      "type": "aws_alb_target_group",
      "name": "alb_target_group",
      "provider": "provider.aws",
      "instances": [
        {
          "schema_version": 0,
          "attributes": {
            "arn": "arn:aws:elasticloadbalancing:us-east-2:999329133891:targetgroup/target-group/657636bca2b39478",
            "arn_suffix": "targetgroup/target-group/657636bca2b39478",
            "deregistration_delay": 300,
            "health_check": [
              {
                "enabled": true,
                "healthy_threshold": 3,
                "interval": 30,
                "matcher": "200",
                "path": "/login",
                "port": "8080",
                "protocol": "HTTP",
                "timeout": 5,
                "unhealthy_threshold": 3
              }
            ],
            "id": "arn:aws:elasticloadbalancing:us-east-2:999329133891:targetgroup/target-group/657636bca2b39478",
            "lambda_multi_value_headers_enabled": false,
            "load_balancing_algorithm_type": "round_robin",
            "name": "target-group",
            "name_prefix": null,
            "port": 8080,
            "protocol": "HTTP",
            "proxy_protocol_v2": false,
            "slow_start": 0,
            "stickiness": [
              {
                "cookie_duration": 86400,
                "enabled": true,
                "type": "lb_cookie"
              }
            ],
            "tags": {},
            "target_type": "instance",
            "vpc_id": "vpc-04a108eddcb6444e4"
          },
          "private": "bnVsbA==",
          "dependencies": [
            "aws_vpc.vpc"
          ]
        }
      ]
    },
    {
      "mode": "managed",
      "type": "aws_iam_access_key",
      "name": "prometheus_access_key",
      "provider": "provider.aws",
      "instances": [
        {
          "schema_version": 0,
          "attributes": {
            "encrypted_secret": null,
            "id": "AKIA6RLFIOVB3PRG6HX5",
            "key_fingerprint": null,
            "pgp_key": null,
            "secret": "Q8xo0DJS1K6Sr18NC+OrGfEMf2Q3PwqJ5jetPjFn",
            "ses_smtp_password_v4": "BD03rMAMzwPLlORjb/REbdueI1tEQa3ACVtHX99kCQyx",
            "status": "Active",
            "user": "prometheus_ec2_access"
          },
          "private": "bnVsbA==",
          "dependencies": [
            "aws_iam_user.prometheus_iam"
          ]
        }
      ]
    },
    {
      "mode": "managed",
      "type": "aws_iam_user",
      "name": "prometheus_iam",
      "provider": "provider.aws",
      "instances": [
        {
          "schema_version": 0,
          "attributes": {
            "arn": "arn:aws:iam::999329133891:user/prometheus_ec2_access",
            "force_destroy": false,
            "id": "prometheus_ec2_access",
            "name": "prometheus_ec2_access",
            "path": "/",
            "permissions_boundary": null,
            "tags": {},
            "unique_id": "AIDA6RLFIOVB7WNOZSKSL"
          },
          "private": "bnVsbA=="
        }
      ]
    },
    {
      "mode": "managed",
      "type": "aws_iam_user_policy",
      "name": "prometheus_role",
      "provider": "provider.aws",
      "instances": [
        {
          "schema_version": 0,
          "attributes": {
            "id": "prometheus_ec2_access:prometheus_ec2_access_role",
            "name": "prometheus_ec2_access_role",
            "name_prefix": null,
            "policy": "{\n    \"Version\": \"2012-10-17\",\n    \"Statement\": [\n        {\n            \"Effect\": \"Allow\",\n            \"Action\": \"ec2:Describe*\",\n            \"Resource\": \"*\"\n        }\n    ]\n}\n",
            "user": "prometheus_ec2_access"
          },
          "private": "bnVsbA==",
          "dependencies": [
            "aws_iam_user.prometheus_iam"
          ]
        }
      ]
    },
    {
      "mode": "managed",
      "type": "aws_instance",
      "name": "web_a",
      "provider": "provider.aws",
      "instances": [
        {
          "schema_version": 1,
          "attributes": {
            "ami": "ami-0a0ad6b70e61be944",
            "arn": "arn:aws:ec2:us-east-2:999329133891:instance/i-0c4525afbc9db27e5",
            "associate_public_ip_address": true,
            "availability_zone": "us-east-2a",
            "cpu_core_count": 1,
            "cpu_threads_per_core": 1,
            "credit_specification": [
              {
                "cpu_credits": "standard"
              }
            ],
            "disable_api_termination": false,
            "ebs_block_device": [],
            "ebs_optimized": false,
            "enclave_options": [
              {
                "enabled": false
              }
            ],
            "ephemeral_block_device": [],
            "get_password_data": false,
            "hibernation": false,
            "host_id": null,
            "iam_instance_profile": "",
            "id": "i-0c4525afbc9db27e5",
            "instance_initiated_shutdown_behavior": null,
            "instance_state": "running",
            "instance_type": "t2.nano",
            "ipv6_address_count": 0,
            "ipv6_addresses": [],
            "key_name": "ovpDevOpsKey",
            "metadata_options": [
              {
                "http_endpoint": "enabled",
                "http_put_response_hop_limit": 1,
                "http_tokens": "optional"
              }
            ],
            "monitoring": false,
            "network_interface": [],
            "outpost_arn": "",
            "password_data": "",
            "placement_group": "",
            "primary_network_interface_id": "eni-05cee12aae11a8a39",
            "private_dns": "ip-172-16-64-199.us-east-2.compute.internal",
            "private_ip": "172.16.64.199",
            "public_dns": "",
            "public_ip": "52.14.82.129",
            "root_block_device": [
              {
                "delete_on_termination": true,
                "device_name": "/dev/xvda",
                "encrypted": false,
                "iops": 100,
                "kms_key_id": "",
                "throughput": 0,
                "volume_id": "vol-05439aaff96f5d267",
                "volume_size": 8,
                "volume_type": "gp2"
              }
            ],
            "secondary_private_ips": [],
            "security_groups": [],
            "source_dest_check": true,
            "subnet_id": "subnet-09348651f81081bbb",
            "tags": {},
            "tenancy": "default",
            "timeouts": null,
            "user_data": null,
            "user_data_base64": null,
            "volume_tags": {},
            "vpc_security_group_ids": [
              "sg-043cda178e8cac141",
              "sg-0a28e2216bdd3a0ee"
            ]
          },
          "private": "eyJlMmJmYjczMC1lY2FhLTExZTYtOGY4OC0zNDM2M2JjN2M0YzAiOnsiY3JlYXRlIjo2MDAwMDAwMDAwMDAsImRlbGV0ZSI6MTIwMDAwMDAwMDAwMCwidXBkYXRlIjo2MDAwMDAwMDAwMDB9LCJzY2hlbWFfdmVyc2lvbiI6IjEifQ==",
          "dependencies": [
            "aws_key_pair.ovpDevOpsKey",
            "aws_security_group.internal_access",
            "aws_security_group.web_access",
            "aws_subnet.subnet_az_a",
            "aws_vpc.vpc"
          ]
        }
      ]
    },
    {
      "mode": "managed",
      "type": "aws_instance",
      "name": "web_b",
      "provider": "provider.aws",
      "instances": [
        {
          "schema_version": 1,
          "attributes": {
            "ami": "ami-0a0ad6b70e61be944",
            "arn": "arn:aws:ec2:us-east-2:999329133891:instance/i-064c6342fa2780db6",
            "associate_public_ip_address": true,
            "availability_zone": "us-east-2b",
            "cpu_core_count": 1,
            "cpu_threads_per_core": 1,
            "credit_specification": [
              {
                "cpu_credits": "standard"
              }
            ],
            "disable_api_termination": false,
            "ebs_block_device": [],
            "ebs_optimized": false,
            "enclave_options": [
              {
                "enabled": false
              }
            ],
            "ephemeral_block_device": [],
            "get_password_data": false,
            "hibernation": false,
            "host_id": null,
            "iam_instance_profile": "",
            "id": "i-064c6342fa2780db6",
            "instance_initiated_shutdown_behavior": null,
            "instance_state": "running",
            "instance_type": "t2.nano",
            "ipv6_address_count": 0,
            "ipv6_addresses": [],
            "key_name": "ovpDevOpsKey",
            "metadata_options": [
              {
                "http_endpoint": "enabled",
                "http_put_response_hop_limit": 1,
                "http_tokens": "optional"
              }
            ],
            "monitoring": false,
            "network_interface": [],
            "outpost_arn": "",
            "password_data": "",
            "placement_group": "",
            "primary_network_interface_id": "eni-0f37afac899e2bd56",
            "private_dns": "ip-172-16-128-252.us-east-2.compute.internal",
            "private_ip": "172.16.128.252",
            "public_dns": "",
            "public_ip": "3.17.139.51",
            "root_block_device": [
              {
                "delete_on_termination": true,
                "device_name": "/dev/xvda",
                "encrypted": false,
                "iops": 100,
                "kms_key_id": "",
                "throughput": 0,
                "volume_id": "vol-0e00384a914e46c3a",
                "volume_size": 8,
                "volume_type": "gp2"
              }
            ],
            "secondary_private_ips": [],
            "security_groups": [],
            "source_dest_check": true,
            "subnet_id": "subnet-01c80cec8d7f24748",
            "tags": {},
            "tenancy": "default",
            "timeouts": null,
            "user_data": null,
            "user_data_base64": null,
            "volume_tags": {},
            "vpc_security_group_ids": [
              "sg-043cda178e8cac141",
              "sg-0a28e2216bdd3a0ee"
            ]
          },
          "private": "eyJlMmJmYjczMC1lY2FhLTExZTYtOGY4OC0zNDM2M2JjN2M0YzAiOnsiY3JlYXRlIjo2MDAwMDAwMDAwMDAsImRlbGV0ZSI6MTIwMDAwMDAwMDAwMCwidXBkYXRlIjo2MDAwMDAwMDAwMDB9LCJzY2hlbWFfdmVyc2lvbiI6IjEifQ==",
          "dependencies": [
            "aws_key_pair.ovpDevOpsKey",
            "aws_security_group.internal_access",
            "aws_security_group.web_access",
            "aws_subnet.subnet_az_b",
            "aws_vpc.vpc"
          ]
        }
      ]
    },
    {
      "mode": "managed",
      "type": "aws_internet_gateway",
      "name": "gw",
      "provider": "provider.aws",
      "instances": [
        {
          "schema_version": 0,
          "attributes": {
            "arn": "arn:aws:ec2:us-east-2:999329133891:internet-gateway/igw-029f42985571de9df",
            "id": "igw-029f42985571de9df",
            "owner_id": "999329133891",
            "tags": {},
            "vpc_id": "vpc-04a108eddcb6444e4"
          },
          "private": "bnVsbA==",
          "dependencies": [
            "aws_vpc.vpc"
          ]
        }
      ]
    },
    {
      "mode": "managed",
      "type": "aws_key_pair",
      "name": "ovpDevOpsKey",
      "provider": "provider.aws",
      "instances": [
        {
          "schema_version": 1,
          "attributes": {
            "arn": "arn:aws:ec2:us-east-2:999329133891:key-pair/ovpDevOpsKey",
            "fingerprint": "97:e7:1b:0f:9d:bb:b0:78:9d:fc:de:96:2b:b6:63:34",
            "id": "ovpDevOpsKey",
            "key_name": "ovpDevOpsKey",
            "key_name_prefix": null,
            "key_pair_id": "key-00950ce353081d1e1",
            "public_key": "ssh-rsa AAAAB3NzaC1yc2EAAAADAQABAAABAQDgIHoaDYyn8uaeMdWQFj7CFHUjKKkj37tOqfiYBvg6pd6uGEqYOh1xEDz+MCDgIoLf0Mxhz+ai7bfWgGfkPHxIoQMYwxJHOiLIR2nOl5FgTXOJh3DDHJpTxxZtKu2C2v/UjVsETJTK8gPHG4qbZJjIgNLRyax/q8cop9HHIN/IvGnY72UsVn/qjA+ldS+m3p0zpGjix55EtzEgqJX7ZpmmuctKdReGbpCgtk/UWTFhPCX79A1M0Il/hCgbIeNg6i1Vq4USi0r3FFAMztJtARbhVDY+0WOAWZkm1uf8IfT/IcQupx9n2ZbIYBIGaGcU5ivYg/C4nusValQxMiiBoo7D",
            "tags": {}
          },
          "private": "eyJzY2hlbWFfdmVyc2lvbiI6IjEifQ=="
        }
      ]
    },
    {
      "mode": "managed",
      "type": "aws_lb_target_group_attachment",
      "name": "attach0",
      "provider": "provider.aws",
      "instances": [
        {
          "schema_version": 0,
          "attributes": {
            "availability_zone": null,
            "id": "arn:aws:elasticloadbalancing:us-east-2:999329133891:targetgroup/target-group/657636bca2b39478-20210109215747668500000002",
            "port": 8080,
            "target_group_arn": "arn:aws:elasticloadbalancing:us-east-2:999329133891:targetgroup/target-group/657636bca2b39478",
            "target_id": "i-0c4525afbc9db27e5"
          },
          "private": "bnVsbA==",
          "dependencies": [
            "aws_alb_target_group.alb_target_group",
            "aws_instance.web_a",
            "aws_key_pair.ovpDevOpsKey",
            "aws_security_group.internal_access",
            "aws_security_group.web_access",
            "aws_subnet.subnet_az_a",
            "aws_vpc.vpc"
          ]
        }
      ]
    },
    {
      "mode": "managed",
      "type": "aws_lb_target_group_attachment",
      "name": "attach1",
      "provider": "provider.aws",
      "instances": [
        {
          "schema_version": 0,
          "attributes": {
            "availability_zone": null,
            "id": "arn:aws:elasticloadbalancing:us-east-2:999329133891:targetgroup/target-group/657636bca2b39478-20210109215759197400000003",
            "port": 8080,
            "target_group_arn": "arn:aws:elasticloadbalancing:us-east-2:999329133891:targetgroup/target-group/657636bca2b39478",
            "target_id": "i-064c6342fa2780db6"
          },
          "private": "bnVsbA==",
          "dependencies": [
            "aws_alb_target_group.alb_target_group",
            "aws_instance.web_b",
            "aws_key_pair.ovpDevOpsKey",
            "aws_security_group.internal_access",
            "aws_security_group.web_access",
            "aws_subnet.subnet_az_b",
            "aws_vpc.vpc"
          ]
        }
      ]
    },
    {
      "mode": "managed",
      "type": "aws_route",
      "name": "internet_access",
      "provider": "provider.aws",
      "instances": [
        {
          "schema_version": 0,
          "attributes": {
            "destination_cidr_block": "0.0.0.0/0",
            "destination_ipv6_cidr_block": "",
            "destination_prefix_list_id": "",
            "egress_only_gateway_id": "",
            "gateway_id": "igw-029f42985571de9df",
            "id": "r-rtb-0debfd160e53a32a71080289494",
            "instance_id": "",
            "instance_owner_id": "",
            "local_gateway_id": "",
            "nat_gateway_id": "",
            "network_interface_id": "",
            "origin": "CreateRoute",
            "route_table_id": "rtb-0debfd160e53a32a7",
            "state": "active",
            "timeouts": null,
            "transit_gateway_id": "",
            "vpc_endpoint_id": null,
            "vpc_peering_connection_id": ""
          },
          "private": "eyJlMmJmYjczMC1lY2FhLTExZTYtOGY4OC0zNDM2M2JjN2M0YzAiOnsiY3JlYXRlIjoxMjAwMDAwMDAwMDAsImRlbGV0ZSI6MzAwMDAwMDAwMDAwfX0=",
          "dependencies": [
            "aws_internet_gateway.gw",
            "aws_vpc.vpc"
          ]
        }
      ]
    },
    {
      "mode": "managed",
      "type": "aws_route53_record",
      "name": "A",
      "provider": "provider.aws",
      "instances": [
        {
          "schema_version": 2,
          "attributes": {
            "alias": [
              {
                "evaluate_target_health": true,
                "name": "alb-840753606.us-east-2.elb.amazonaws.com",
                "zone_id": "Z3AADJGX6KTTL2"
              }
            ],
            "allow_overwrite": null,
            "failover_routing_policy": [],
            "fqdn": "ovpdevops.xyz",
            "geolocation_routing_policy": [],
            "health_check_id": "",
            "id": "Z00634033HMBLX4KUFFJO_ovpdevops.xyz_A",
            "latency_routing_policy": [],
            "multivalue_answer_routing_policy": null,
            "name": "ovpdevops.xyz",
            "records": [],
            "set_identifier": "",
            "ttl": 0,
            "type": "A",
            "weighted_routing_policy": [],
            "zone_id": "Z00634033HMBLX4KUFFJO"
          },
          "private": "eyJzY2hlbWFfdmVyc2lvbiI6IjIifQ==",
          "dependencies": [
            "aws_alb.alb",
            "aws_route53_zone.zone",
            "aws_security_group.web_access",
            "aws_subnet.subnet_az_a",
            "aws_subnet.subnet_az_b",
            "aws_vpc.vpc"
          ]
        }
      ]
    },
    {
      "mode": "managed",
      "type": "aws_route53_record",
      "name": "A_www",
      "provider": "provider.aws",
      "instances": [
        {
          "schema_version": 2,
          "attributes": {
            "alias": [
              {
                "evaluate_target_health": true,
                "name": "alb-840753606.us-east-2.elb.amazonaws.com",
                "zone_id": "Z3AADJGX6KTTL2"
              }
            ],
            "allow_overwrite": null,
            "failover_routing_policy": [],
            "fqdn": "www.ovpdevops.xyz",
            "geolocation_routing_policy": [],
            "health_check_id": "",
            "id": "Z00634033HMBLX4KUFFJO_www.ovpdevops.xyz_A",
            "latency_routing_policy": [],
            "multivalue_answer_routing_policy": null,
            "name": "www.ovpdevops.xyz",
            "records": [],
            "set_identifier": "",
            "ttl": 0,
            "type": "A",
            "weighted_routing_policy": [],
            "zone_id": "Z00634033HMBLX4KUFFJO"
          },
          "private": "eyJzY2hlbWFfdmVyc2lvbiI6IjIifQ==",
          "dependencies": [
            "aws_alb.alb",
            "aws_route53_zone.zone",
            "aws_security_group.web_access",
            "aws_subnet.subnet_az_a",
            "aws_subnet.subnet_az_b",
            "aws_vpc.vpc"
          ]
        }
      ]
    },
    {
      "mode": "managed",
      "type": "aws_route53_zone",
      "name": "zone",
      "provider": "provider.aws",
      "instances": [
        {
          "schema_version": 0,
          "attributes": {
            "comment": "Managed by Terraform",
            "delegation_set_id": "",
            "force_destroy": false,
            "id": "Z00634033HMBLX4KUFFJO",
            "name": "ovpdevops.xyz",
            "name_servers": [
              "ns-1262.awsdns-29.org",
              "ns-137.awsdns-17.com",
              "ns-1746.awsdns-26.co.uk",
              "ns-902.awsdns-48.net"
            ],
            "tags": {},
            "vpc": [],
            "zone_id": "Z00634033HMBLX4KUFFJO"
          },
          "private": "bnVsbA=="
        }
      ]
    },
    {
      "mode": "managed",
      "type": "aws_security_group",
      "name": "internal_access",
      "provider": "provider.aws",
      "instances": [
        {
          "schema_version": 1,
          "attributes": {
            "arn": "arn:aws:ec2:us-east-2:999329133891:security-group/sg-0a28e2216bdd3a0ee",
            "description": "Provides web and SSH access",
            "egress": [
              {
                "cidr_blocks": [
                  "0.0.0.0/0"
                ],
                "description": "",
                "from_port": 0,
                "ipv6_cidr_blocks": [],
                "prefix_list_ids": [],
                "protocol": "-1",
                "security_groups": [],
                "self": false,
                "to_port": 0
              }
            ],
            "id": "sg-0a28e2216bdd3a0ee",
            "ingress": [
              {
                "cidr_blocks": [
                  "0.0.0.0/0"
                ],
                "description": "",
                "from_port": 22,
                "ipv6_cidr_blocks": [],
                "prefix_list_ids": [],
                "protocol": "tcp",
                "security_groups": [],
                "self": false,
                "to_port": 22
              }
            ],
            "name": "internal_access",
            "name_prefix": "",
            "owner_id": "999329133891",
            "revoke_rules_on_delete": false,
            "tags": {},
            "timeouts": null,
            "vpc_id": "vpc-04a108eddcb6444e4"
          },
          "private": "eyJlMmJmYjczMC1lY2FhLTExZTYtOGY4OC0zNDM2M2JjN2M0YzAiOnsiY3JlYXRlIjo2MDAwMDAwMDAwMDAsImRlbGV0ZSI6NjAwMDAwMDAwMDAwfSwic2NoZW1hX3ZlcnNpb24iOiIxIn0=",
          "dependencies": [
            "aws_vpc.vpc"
          ]
        }
      ]
    },
    {
      "mode": "managed",
      "type": "aws_security_group",
      "name": "prometheus_access",
      "provider": "provider.aws",
      "instances": [
        {
          "schema_version": 1,
          "attributes": {
            "arn": "arn:aws:ec2:us-east-2:999329133891:security-group/sg-085677fad9c5c6b35",
            "description": "Security group for prometheus",
            "egress": [
              {
                "cidr_blocks": [
                  "0.0.0.0/0"
                ],
                "description": "",
                "from_port": 0,
                "ipv6_cidr_blocks": [],
                "prefix_list_ids": [],
                "protocol": "-1",
                "security_groups": [],
                "self": false,
                "to_port": 0
              }
            ],
            "id": "sg-085677fad9c5c6b35",
            "ingress": [
              {
                "cidr_blocks": [
                  "0.0.0.0/0"
                ],
                "description": "",
                "from_port": 22,
                "ipv6_cidr_blocks": [],
                "prefix_list_ids": [],
                "protocol": "tcp",
                "security_groups": [],
                "self": false,
                "to_port": 22
              },
              {
                "cidr_blocks": [
                  "0.0.0.0/0"
                ],
                "description": "",
                "from_port": 3000,
                "ipv6_cidr_blocks": [],
                "prefix_list_ids": [],
                "protocol": "tcp",
                "security_groups": [],
                "self": false,
                "to_port": 3000
              },
              {
                "cidr_blocks": [
                  "0.0.0.0/0"
                ],
                "description": "",
                "from_port": 9090,
                "ipv6_cidr_blocks": [],
                "prefix_list_ids": [],
                "protocol": "tcp",
                "security_groups": [],
                "self": false,
                "to_port": 9090
              }
            ],
            "name": "prometheus_security_group",
            "name_prefix": "",
            "owner_id": "999329133891",
            "revoke_rules_on_delete": false,
            "tags": {},
            "timeouts": null,
            "vpc_id": "vpc-04a108eddcb6444e4"
          },
          "private": "eyJlMmJmYjczMC1lY2FhLTExZTYtOGY4OC0zNDM2M2JjN2M0YzAiOnsiY3JlYXRlIjo2MDAwMDAwMDAwMDAsImRlbGV0ZSI6NjAwMDAwMDAwMDAwfSwic2NoZW1hX3ZlcnNpb24iOiIxIn0=",
          "dependencies": [
            "aws_vpc.vpc"
          ]
        }
      ]
    },
    {
      "mode": "managed",
      "type": "aws_security_group",
      "name": "web_access",
      "provider": "provider.aws",
      "instances": [
        {
          "schema_version": 1,
          "attributes": {
            "arn": "arn:aws:ec2:us-east-2:999329133891:security-group/sg-043cda178e8cac141",
            "description": "Provides web access from the internet",
            "egress": [
              {
                "cidr_blocks": [
                  "0.0.0.0/0"
                ],
                "description": "",
                "from_port": 0,
                "ipv6_cidr_blocks": [],
                "prefix_list_ids": [],
                "protocol": "-1",
                "security_groups": [],
                "self": false,
                "to_port": 0
              }
            ],
            "id": "sg-043cda178e8cac141",
            "ingress": [
              {
                "cidr_blocks": [
                  "0.0.0.0/0"
                ],
                "description": "",
                "from_port": 443,
                "ipv6_cidr_blocks": [],
                "prefix_list_ids": [],
                "protocol": "tcp",
                "security_groups": [],
                "self": false,
                "to_port": 443
              },
              {
                "cidr_blocks": [
                  "0.0.0.0/0"
                ],
                "description": "",
                "from_port": 8080,
                "ipv6_cidr_blocks": [],
                "prefix_list_ids": [],
                "protocol": "tcp",
                "security_groups": [],
                "self": false,
                "to_port": 8080
              },
              {
                "cidr_blocks": [
                  "0.0.0.0/0"
                ],
                "description": "",
                "from_port": 80,
                "ipv6_cidr_blocks": [],
                "prefix_list_ids": [],
                "protocol": "tcp",
                "security_groups": [],
                "self": false,
                "to_port": 80
              }
            ],
            "name": "web_access",
            "name_prefix": "",
            "owner_id": "999329133891",
            "revoke_rules_on_delete": false,
            "tags": {},
            "timeouts": null,
            "vpc_id": "vpc-04a108eddcb6444e4"
          },
          "private": "eyJlMmJmYjczMC1lY2FhLTExZTYtOGY4OC0zNDM2M2JjN2M0YzAiOnsiY3JlYXRlIjo2MDAwMDAwMDAwMDAsImRlbGV0ZSI6NjAwMDAwMDAwMDAwfSwic2NoZW1hX3ZlcnNpb24iOiIxIn0=",
          "dependencies": [
            "aws_vpc.vpc"
          ]
        }
      ]
    },
    {
      "mode": "managed",
      "type": "aws_subnet",
      "name": "subnet_az_a",
      "provider": "provider.aws",
      "instances": [
        {
          "schema_version": 1,
          "attributes": {
            "arn": "arn:aws:ec2:us-east-2:999329133891:subnet/subnet-09348651f81081bbb",
            "assign_ipv6_address_on_creation": false,
            "availability_zone": "us-east-2a",
            "availability_zone_id": "use2-az1",
            "cidr_block": "172.16.64.0/24",
            "id": "subnet-09348651f81081bbb",
            "ipv6_cidr_block": "",
            "ipv6_cidr_block_association_id": "",
            "map_public_ip_on_launch": true,
            "outpost_arn": "",
            "owner_id": "999329133891",
            "tags": {},
            "timeouts": null,
            "vpc_id": "vpc-04a108eddcb6444e4"
          },
          "private": "eyJlMmJmYjczMC1lY2FhLTExZTYtOGY4OC0zNDM2M2JjN2M0YzAiOnsiY3JlYXRlIjo2MDAwMDAwMDAwMDAsImRlbGV0ZSI6MTIwMDAwMDAwMDAwMH0sInNjaGVtYV92ZXJzaW9uIjoiMSJ9",
          "dependencies": [
            "aws_vpc.vpc"
          ]
        }
      ]
    },
    {
      "mode": "managed",
      "type": "aws_subnet",
      "name": "subnet_az_b",
      "provider": "provider.aws",
      "instances": [
        {
          "schema_version": 1,
          "attributes": {
            "arn": "arn:aws:ec2:us-east-2:999329133891:subnet/subnet-01c80cec8d7f24748",
            "assign_ipv6_address_on_creation": false,
            "availability_zone": "us-east-2b",
            "availability_zone_id": "use2-az2",
            "cidr_block": "172.16.128.0/24",
            "id": "subnet-01c80cec8d7f24748",
            "ipv6_cidr_block": "",
            "ipv6_cidr_block_association_id": "",
            "map_public_ip_on_launch": true,
            "outpost_arn": "",
            "owner_id": "999329133891",
            "tags": {},
            "timeouts": null,
            "vpc_id": "vpc-04a108eddcb6444e4"
          },
          "private": "eyJlMmJmYjczMC1lY2FhLTExZTYtOGY4OC0zNDM2M2JjN2M0YzAiOnsiY3JlYXRlIjo2MDAwMDAwMDAwMDAsImRlbGV0ZSI6MTIwMDAwMDAwMDAwMH0sInNjaGVtYV92ZXJzaW9uIjoiMSJ9",
          "dependencies": [
            "aws_vpc.vpc"
          ]
        }
      ]
    },
    {
      "mode": "managed",
      "type": "aws_subnet",
      "name": "subnet_prom_az_a",
      "provider": "provider.aws",
      "instances": [
        {
          "schema_version": 1,
          "attributes": {
            "arn": "arn:aws:ec2:us-east-2:999329133891:subnet/subnet-0ffe830a3c788f1ee",
            "assign_ipv6_address_on_creation": false,
            "availability_zone": "us-east-2a",
            "availability_zone_id": "use2-az1",
            "cidr_block": "172.16.16.0/24",
            "id": "subnet-0ffe830a3c788f1ee",
            "ipv6_cidr_block": "",
            "ipv6_cidr_block_association_id": "",
            "map_public_ip_on_launch": true,
            "outpost_arn": "",
            "owner_id": "999329133891",
            "tags": {},
            "timeouts": null,
            "vpc_id": "vpc-04a108eddcb6444e4"
          },
          "private": "eyJlMmJmYjczMC1lY2FhLTExZTYtOGY4OC0zNDM2M2JjN2M0YzAiOnsiY3JlYXRlIjo2MDAwMDAwMDAwMDAsImRlbGV0ZSI6MTIwMDAwMDAwMDAwMH0sInNjaGVtYV92ZXJzaW9uIjoiMSJ9",
          "dependencies": [
            "aws_vpc.vpc"
          ]
        }
      ]
    },
    {
      "mode": "managed",
      "type": "aws_subnet",
      "name": "subnet_prom_az_b",
      "provider": "provider.aws",
      "instances": [
        {
          "schema_version": 1,
          "attributes": {
            "arn": "arn:aws:ec2:us-east-2:999329133891:subnet/subnet-012922673299fb6f0",
            "assign_ipv6_address_on_creation": false,
            "availability_zone": "us-east-2b",
            "availability_zone_id": "use2-az2",
            "cidr_block": "172.16.32.0/24",
            "id": "subnet-012922673299fb6f0",
            "ipv6_cidr_block": "",
            "ipv6_cidr_block_association_id": "",
            "map_public_ip_on_launch": true,
            "outpost_arn": "",
            "owner_id": "999329133891",
            "tags": {},
            "timeouts": null,
            "vpc_id": "vpc-04a108eddcb6444e4"
          },
          "private": "eyJlMmJmYjczMC1lY2FhLTExZTYtOGY4OC0zNDM2M2JjN2M0YzAiOnsiY3JlYXRlIjo2MDAwMDAwMDAwMDAsImRlbGV0ZSI6MTIwMDAwMDAwMDAwMH0sInNjaGVtYV92ZXJzaW9uIjoiMSJ9",
          "dependencies": [
            "aws_vpc.vpc"
          ]
        }
      ]
    },
    {
      "mode": "managed",
      "type": "aws_vpc",
      "name": "vpc",
      "provider": "provider.aws",
      "instances": [
        {
          "schema_version": 1,
          "attributes": {
            "arn": "arn:aws:ec2:us-east-2:999329133891:vpc/vpc-04a108eddcb6444e4",
            "assign_generated_ipv6_cidr_block": false,
            "cidr_block": "172.16.0.0/16",
            "default_network_acl_id": "acl-0581d75f0a7b14147",
            "default_route_table_id": "rtb-0debfd160e53a32a7",
            "default_security_group_id": "sg-0d648b2470819153b",
            "dhcp_options_id": "dopt-1fdf5b74",
            "enable_classiclink": null,
            "enable_classiclink_dns_support": null,
            "enable_dns_hostnames": false,
            "enable_dns_support": true,
            "id": "vpc-04a108eddcb6444e4",
            "instance_tenancy": "default",
            "ipv6_association_id": "",
            "ipv6_cidr_block": "",
            "main_route_table_id": "rtb-0debfd160e53a32a7",
            "owner_id": "999329133891",
            "tags": {}
          },
          "private": "eyJzY2hlbWFfdmVyc2lvbiI6IjEifQ=="
        }
      ]
    }
  ]
}
