{ 
  "version": 4,
  "terraform_version": "0.12.24",
  "serial": 1592,
  "lineage": "a7dd2240-7020-bbb5-43cd-661fea0f9fa2",
  "outputs": {
    "Grafana_URL": {
      "value": "http://3.15.140.118:3000",
      "type": "string"
    },
    "LB-target-group-assocation-A": {
      "value": [
        {
          "availability_zone": null,
          "id": "arn:aws:elasticloadbalancing:us-east-2:999329133891:targetgroup/target-group-http/c296be3f702d65c5-20210111225104956300000002",
          "port": 8080,
          "target_group_arn": "arn:aws:elasticloadbalancing:us-east-2:999329133891:targetgroup/target-group-http/c296be3f702d65c5",
          "target_id": "i-05dd9eedcbb2997a0"
        }
      ],
      "type": [
        "tuple",
        [
          [
            "object",
            {
              "availability_zone": "string",
              "id": "string",
              "port": "number",
              "target_group_arn": "string",
              "target_id": "string"
            }
          ]
        ]
      ]
    },
    "LB-target-group-assocation-B": {
      "value": [
        {
          "availability_zone": null,
          "id": "arn:aws:elasticloadbalancing:us-east-2:999329133891:targetgroup/target-group-http/c296be3f702d65c5-20210111225116945500000003",
          "port": 8080,
          "target_group_arn": "arn:aws:elasticloadbalancing:us-east-2:999329133891:targetgroup/target-group-http/c296be3f702d65c5",
          "target_id": "i-04ec548d4a31596e2"
        }
      ],
      "type": [
        "tuple",
        [
          [
            "object",
            {
              "availability_zone": "string",
              "id": "string",
              "port": "number",
              "target_group_arn": "string",
              "target_id": "string"
            }
          ]
        ]
      ]
    },
    "Prometheus_URL": {
      "value": "http://3.15.140.118:9090",
      "type": "string"
    },
    "alb_address": {
      "value": "alb-874730697.us-east-2.elb.amazonaws.com",
      "type": "string"
    },
    "name_servers": {
      "value": [
        "ns-1165.awsdns-17.org",
        "ns-164.awsdns-20.com",
        "ns-2026.awsdns-61.co.uk",
        "ns-742.awsdns-28.net"
      ],
      "type": [
        "list",
        "string"
      ]
    }
  },
  "resources": [
    {
      "mode": "data",
      "type": "aws_instances",
      "name": "web_instances_a",
      "provider": "provider.aws",
      "instances": [
        {
          "schema_version": 0,
          "attributes": {
            "filter": null,
            "id": "us-east-2",
            "ids": [
              "i-05dd9eedcbb2997a0"
            ],
            "instance_state_names": [
              "running"
            ],
            "instance_tags": {
              "Role": "WebServerA"
            },
            "private_ips": [
              "10.0.130.70"
            ],
            "public_ips": [
              "3.15.223.168"
            ]
          }
        }
      ]
    },
    {
      "mode": "data",
      "type": "aws_instances",
      "name": "web_instances_b",
      "provider": "provider.aws",
      "instances": [
        {
          "schema_version": 0,
          "attributes": {
            "filter": null,
            "id": "us-east-2",
            "ids": [
              "i-04ec548d4a31596e2"
            ],
            "instance_state_names": [
              "running"
            ],
            "instance_tags": {
              "Role": "WebServerB"
            },
            "private_ips": [
              "10.0.153.6"
            ],
            "public_ips": [
              "18.221.137.210"
            ]
          }
        }
      ]
    },
    {
      "mode": "managed",
      "type": "aws_alb",
      "name": "alb",
      "provider": "provider.aws",
      "instances": [
        {
          "schema_version": 0,
          "attributes": {
            "access_logs": [
              {
                "bucket": "",
                "enabled": false,
                "prefix": ""
              }
            ],
            "arn": "arn:aws:elasticloadbalancing:us-east-2:999329133891:loadbalancer/app/alb/d3a34d31368a8a61",
            "arn_suffix": "app/alb/d3a34d31368a8a61",
            "customer_owned_ipv4_pool": "",
            "dns_name": "alb-874730697.us-east-2.elb.amazonaws.com",
            "drop_invalid_header_fields": false,
            "enable_cross_zone_load_balancing": null,
            "enable_deletion_protection": false,
            "enable_http2": true,
            "id": "arn:aws:elasticloadbalancing:us-east-2:999329133891:loadbalancer/app/alb/d3a34d31368a8a61",
            "idle_timeout": 60,
            "internal": false,
            "ip_address_type": "ipv4",
            "load_balancer_type": "application",
            "name": "alb",
            "name_prefix": null,
            "security_groups": [
              "sg-05da8877703c31dff"
            ],
            "subnet_mapping": [
              {
                "allocation_id": "",
                "outpost_id": "",
                "private_ipv4_address": "",
                "subnet_id": "subnet-0439c21a8b43d0d20"
              },
              {
                "allocation_id": "",
                "outpost_id": "",
                "private_ipv4_address": "",
                "subnet_id": "subnet-0d0c0c4bbfd88f4d9"
              }
            ],
            "subnets": [
              "subnet-0439c21a8b43d0d20",
              "subnet-0d0c0c4bbfd88f4d9"
            ],
            "tags": null,
            "timeouts": null,
            "vpc_id": "vpc-0058b920f5c500a0d",
            "zone_id": "Z3AADJGX6KTTL2"
          },
          "private": "eyJlMmJmYjczMC1lY2FhLTExZTYtOGY4OC0zNDM2M2JjN2M0YzAiOnsiY3JlYXRlIjo2MDAwMDAwMDAwMDAsImRlbGV0ZSI6NjAwMDAwMDAwMDAwLCJ1cGRhdGUiOjYwMDAwMDAwMDAwMH19",
          "dependencies": [
            "aws_security_group.https_access",
            "aws_subnet.subnet_public_az_a",
            "aws_subnet.subnet_public_az_b",
            "aws_vpc.vpc"
          ]
        }
      ]
    },
    {
      "mode": "managed",
      "type": "aws_alb_listener",
      "name": "alb_listener_https",
      "provider": "provider.aws",
      "instances": [
        {
          "schema_version": 0,
          "attributes": {
            "arn": "arn:aws:elasticloadbalancing:us-east-2:999329133891:listener/app/alb/d3a34d31368a8a61/55691fb54751d5f1",
            "certificate_arn": "arn:aws:acm:us-east-2:999329133891:certificate/824b5548-b89c-4402-b604-03dac6062dd9",
            "default_action": [
              {
                "authenticate_cognito": [],
                "authenticate_oidc": [],
                "fixed_response": [],
                "forward": [],
                "order": 1,
                "redirect": [],
                "target_group_arn": "arn:aws:elasticloadbalancing:us-east-2:999329133891:targetgroup/target-group-http/c296be3f702d65c5",
                "type": "forward"
              }
            ],
            "id": "arn:aws:elasticloadbalancing:us-east-2:999329133891:listener/app/alb/d3a34d31368a8a61/55691fb54751d5f1",
            "load_balancer_arn": "arn:aws:elasticloadbalancing:us-east-2:999329133891:loadbalancer/app/alb/d3a34d31368a8a61",
            "port": 443,
            "protocol": "HTTPS",
            "ssl_policy": "ELBSecurityPolicy-2016-08",
            "timeouts": null
          },
          "private": "eyJlMmJmYjczMC1lY2FhLTExZTYtOGY4OC0zNDM2M2JjN2M0YzAiOnsicmVhZCI6NjAwMDAwMDAwMDAwfX0=",
          "dependencies": [
            "aws_alb.alb",
            "aws_alb_target_group.alb_target_group_http",
            "aws_security_group.https_access",
            "aws_subnet.subnet_public_az_a",
            "aws_subnet.subnet_public_az_b",
            "aws_vpc.vpc"
          ]
        }
      ]
    },
    {
      "mode": "managed",
      "type": "aws_alb_listener_rule",
      "name": "listener_rule_http",
      "provider": "provider.aws",
      "instances": [
        {
          "schema_version": 0,
          "attributes": {
            "action": [
              {
                "authenticate_cognito": [],
                "authenticate_oidc": [],
                "fixed_response": [],
                "forward": [],
                "order": 1,
                "redirect": [],
                "target_group_arn": "arn:aws:elasticloadbalancing:us-east-2:999329133891:targetgroup/target-group-http/c296be3f702d65c5",
                "type": "forward"
              }
            ],
            "arn": "arn:aws:elasticloadbalancing:us-east-2:999329133891:listener-rule/app/alb/d3a34d31368a8a61/55691fb54751d5f1/69c68ac4b2ce7820",
            "condition": [
              {
                "host_header": [
                  {
                    "values": [
                      "www.ovpdevops.xyz"
                    ]
                  }
                ],
                "http_header": [],
                "http_request_method": [],
                "path_pattern": [],
                "query_string": [],
                "source_ip": []
              }
            ],
            "id": "arn:aws:elasticloadbalancing:us-east-2:999329133891:listener-rule/app/alb/d3a34d31368a8a61/55691fb54751d5f1/69c68ac4b2ce7820",
            "listener_arn": "arn:aws:elasticloadbalancing:us-east-2:999329133891:listener/app/alb/d3a34d31368a8a61/55691fb54751d5f1",
            "priority": 1
          },
          "private": "bnVsbA==",
          "dependencies": [
            "aws_alb.alb",
            "aws_alb_listener.alb_listener_https",
            "aws_alb_target_group.alb_target_group_http",
            "aws_security_group.https_access",
            "aws_subnet.subnet_public_az_a",
            "aws_subnet.subnet_public_az_b",
            "aws_vpc.vpc"
          ]
        }
      ]
    },
    {
      "mode": "managed",
      "type": "aws_alb_target_group",
      "name": "alb_target_group_http",
      "provider": "provider.aws",
      "instances": [
        {
          "schema_version": 0,
          "attributes": {
            "arn": "arn:aws:elasticloadbalancing:us-east-2:999329133891:targetgroup/target-group-http/c296be3f702d65c5",
            "arn_suffix": "targetgroup/target-group-http/c296be3f702d65c5",
            "deregistration_delay": 300,
            "health_check": [
              {
                "enabled": true,
                "healthy_threshold": 3,
                "interval": 30,
                "matcher": "200",
                "path": "/",
                "port": "8080",
                "protocol": "HTTP",
                "timeout": 5,
                "unhealthy_threshold": 5
              }
            ],
            "id": "arn:aws:elasticloadbalancing:us-east-2:999329133891:targetgroup/target-group-http/c296be3f702d65c5",
            "lambda_multi_value_headers_enabled": false,
            "load_balancing_algorithm_type": "round_robin",
            "name": "target-group-http",
            "name_prefix": null,
            "port": 8080,
            "protocol": "HTTP",
            "proxy_protocol_v2": false,
            "slow_start": 0,
            "stickiness": [
              {
                "cookie_duration": 86400,
                "enabled": false,
                "type": "lb_cookie"
              }
            ],
            "tags": null,
            "target_type": "instance",
            "vpc_id": "vpc-0058b920f5c500a0d"
          },
          "private": "bnVsbA==",
          "dependencies": [
            "aws_vpc.vpc"
          ]
        }
      ]
    },
    {
      "mode": "managed",
      "type": "aws_iam_access_key",
      "name": "prometheus_access_key",
      "provider": "provider.aws",
      "instances": [
        {
          "schema_version": 0,
          "attributes": {
            "encrypted_secret": null,
            "id": "AKIA6RLFIOVB32AVHFG2",
            "key_fingerprint": null,
            "pgp_key": null,
            "secret": "W7ven4rQjomDOrat8HBthyZ9/3Ebupmvc/0mXHtb",
            "ses_smtp_password_v4": "BCbaWfnkVaGJt3agNAHFbZeZwpTHv/huGQGMOL62q5s6",
            "status": "Active",
            "user": "prometheus_ec2_access"
          },
          "private": "bnVsbA==",
          "dependencies": [
            "aws_iam_user.prometheus_iam"
          ]
        }
      ]
    },
    {
      "mode": "managed",
      "type": "aws_iam_user",
      "name": "prometheus_iam",
      "provider": "provider.aws",
      "instances": [
        {
          "schema_version": 0,
          "attributes": {
            "arn": "arn:aws:iam::999329133891:user/prometheus_ec2_access",
            "force_destroy": false,
            "id": "prometheus_ec2_access",
            "name": "prometheus_ec2_access",
            "path": "/",
            "permissions_boundary": null,
            "tags": null,
            "unique_id": "AIDA6RLFIOVBZSRQK2STF"
          },
          "private": "bnVsbA=="
        }
      ]
    },
    {
      "mode": "managed",
      "type": "aws_iam_user_policy",
      "name": "prometheus_role",
      "provider": "provider.aws",
      "instances": [
        {
          "schema_version": 0,
          "attributes": {
            "id": "prometheus_ec2_access:prometheus_ec2_access_role",
            "name": "prometheus_ec2_access_role",
            "name_prefix": null,
            "policy": "{\n    \"Version\": \"2012-10-17\",\n    \"Statement\": [\n        {\n            \"Effect\": \"Allow\",\n            \"Action\": \"ec2:Describe*\",\n            \"Resource\": \"*\"\n        }\n    ]\n}\n",
            "user": "prometheus_ec2_access"
          },
          "private": "bnVsbA==",
          "dependencies": [
            "aws_iam_user.prometheus_iam"
          ]
        }
      ]
    },
    {
      "mode": "managed",
      "type": "aws_instance",
      "name": "prometheus_a",
      "provider": "provider.aws",
      "instances": [
        {
          "schema_version": 1,
          "attributes": {
            "ami": "ami-0dd9f0e7df0f0a138",
            "arn": "arn:aws:ec2:us-east-2:999329133891:instance/i-0f2e2e23d51dae061",
            "associate_public_ip_address": true,
            "availability_zone": "us-east-2a",
            "cpu_core_count": 1,
            "cpu_threads_per_core": 1,
            "credit_specification": [
              {
                "cpu_credits": "standard"
              }
            ],
            "disable_api_termination": false,
            "ebs_block_device": [],
            "ebs_optimized": false,
            "enclave_options": [
              {
                "enabled": false
              }
            ],
            "ephemeral_block_device": [],
            "get_password_data": false,
            "hibernation": false,
            "host_id": null,
            "iam_instance_profile": "",
            "id": "i-0f2e2e23d51dae061",
            "instance_initiated_shutdown_behavior": null,
            "instance_state": "running",
            "instance_type": "t2.micro",
            "ipv6_address_count": 0,
            "ipv6_addresses": [],
            "key_name": "ovpDevOpsKey",
            "metadata_options": [
              {
                "http_endpoint": "enabled",
                "http_put_response_hop_limit": 1,
                "http_tokens": "optional"
              }
            ],
            "monitoring": false,
            "network_interface": [],
            "outpost_arn": "",
            "password_data": "",
            "placement_group": "",
            "primary_network_interface_id": "eni-02d85ee130133b1fe",
            "private_dns": "ip-10-0-140-157.us-east-2.compute.internal",
            "private_ip": "10.0.140.157",
            "public_dns": "",
            "public_ip": "3.15.140.118",
            "root_block_device": [
              {
                "delete_on_termination": true,
                "device_name": "/dev/sda1",
                "encrypted": false,
                "iops": 100,
                "kms_key_id": "",
                "throughput": 0,
                "volume_id": "vol-0ba1eb763df262bef",
                "volume_size": 8,
                "volume_type": "gp2"
              }
            ],
            "secondary_private_ips": [],
            "security_groups": [],
            "source_dest_check": true,
            "subnet_id": "subnet-0439c21a8b43d0d20",
            "tags": null,
            "tenancy": "default",
            "timeouts": null,
            "user_data": null,
            "user_data_base64": null,
            "volume_tags": {},
            "vpc_security_group_ids": [
              "sg-0e18492b33f4f451f",
              "sg-0ea8e10dc0d369a80"
            ]
          },
          "private": "eyJlMmJmYjczMC1lY2FhLTExZTYtOGY4OC0zNDM2M2JjN2M0YzAiOnsiY3JlYXRlIjo2MDAwMDAwMDAwMDAsImRlbGV0ZSI6MTIwMDAwMDAwMDAwMCwidXBkYXRlIjo2MDAwMDAwMDAwMDB9LCJzY2hlbWFfdmVyc2lvbiI6IjEifQ==",
          "dependencies": [
            "aws_iam_access_key.prometheus_access_key",
            "aws_iam_user.prometheus_iam",
            "aws_key_pair.ovpDevOpsKey",
            "aws_security_group.internal_access",
            "aws_security_group.prometheus_access",
            "aws_subnet.subnet_public_az_a",
            "aws_vpc.vpc"
          ]
        }
      ]
    },
    {
      "mode": "managed",
      "type": "aws_instance",
      "name": "prometheus_b",
      "provider": "provider.aws",
      "instances": [
        {
          "schema_version": 1,
          "attributes": {
            "ami": "ami-0dd9f0e7df0f0a138",
            "arn": "arn:aws:ec2:us-east-2:999329133891:instance/i-07f06cb73211a4b07",
            "associate_public_ip_address": true,
            "availability_zone": "us-east-2b",
            "cpu_core_count": 1,
            "cpu_threads_per_core": 1,
            "credit_specification": [
              {
                "cpu_credits": "standard"
              }
            ],
            "disable_api_termination": false,
            "ebs_block_device": [],
            "ebs_optimized": false,
            "enclave_options": [
              {
                "enabled": false
              }
            ],
            "ephemeral_block_device": [],
            "get_password_data": false,
            "hibernation": false,
            "host_id": null,
            "iam_instance_profile": "",
            "id": "i-07f06cb73211a4b07",
            "instance_initiated_shutdown_behavior": null,
            "instance_state": "running",
            "instance_type": "t2.micro",
            "ipv6_address_count": 0,
            "ipv6_addresses": [],
            "key_name": "ovpDevOpsKey",
            "metadata_options": [
              {
                "http_endpoint": "enabled",
                "http_put_response_hop_limit": 1,
                "http_tokens": "optional"
              }
            ],
            "monitoring": false,
            "network_interface": [],
            "outpost_arn": "",
            "password_data": "",
            "placement_group": "",
            "primary_network_interface_id": "eni-0ae6559add392caeb",
            "private_dns": "ip-10-0-146-11.us-east-2.compute.internal",
            "private_ip": "10.0.146.11",
            "public_dns": "",
            "public_ip": "13.58.205.116",
            "root_block_device": [
              {
                "delete_on_termination": true,
                "device_name": "/dev/sda1",
                "encrypted": false,
                "iops": 100,
                "kms_key_id": "",
                "throughput": 0,
                "volume_id": "vol-03aaa7a7e6a47c1f0",
                "volume_size": 8,
                "volume_type": "gp2"
              }
            ],
            "secondary_private_ips": [],
            "security_groups": [],
            "source_dest_check": true,
            "subnet_id": "subnet-0d0c0c4bbfd88f4d9",
            "tags": null,
            "tenancy": "default",
            "timeouts": null,
            "user_data": null,
            "user_data_base64": null,
            "volume_tags": {},
            "vpc_security_group_ids": [
              "sg-0e18492b33f4f451f",
              "sg-0ea8e10dc0d369a80"
            ]
          },
          "private": "eyJlMmJmYjczMC1lY2FhLTExZTYtOGY4OC0zNDM2M2JjN2M0YzAiOnsiY3JlYXRlIjo2MDAwMDAwMDAwMDAsImRlbGV0ZSI6MTIwMDAwMDAwMDAwMCwidXBkYXRlIjo2MDAwMDAwMDAwMDB9LCJzY2hlbWFfdmVyc2lvbiI6IjEifQ==",
          "dependencies": [
            "aws_iam_access_key.prometheus_access_key",
            "aws_iam_user.prometheus_iam",
            "aws_key_pair.ovpDevOpsKey",
            "aws_security_group.internal_access",
            "aws_security_group.prometheus_access",
            "aws_subnet.subnet_public_az_b",
            "aws_vpc.vpc"
          ]
        }
      ]
    },
    {
      "mode": "managed",
      "type": "aws_instance",
      "name": "web_a",
      "each": "list",
      "provider": "provider.aws",
      "instances": [
        {
          "index_key": 0,
          "schema_version": 1,
          "attributes": {
            "ami": "ami-0a0ad6b70e61be944",
            "arn": "arn:aws:ec2:us-east-2:999329133891:instance/i-05dd9eedcbb2997a0",
            "associate_public_ip_address": true,
            "availability_zone": "us-east-2a",
            "cpu_core_count": 1,
            "cpu_threads_per_core": 1,
            "credit_specification": [
              {
                "cpu_credits": "standard"
              }
            ],
            "disable_api_termination": false,
            "ebs_block_device": [],
            "ebs_optimized": false,
            "enclave_options": [
              {
                "enabled": false
              }
            ],
            "ephemeral_block_device": [],
            "get_password_data": false,
            "hibernation": false,
            "host_id": null,
            "iam_instance_profile": "",
            "id": "i-05dd9eedcbb2997a0",
            "instance_initiated_shutdown_behavior": null,
            "instance_state": "running",
            "instance_type": "t2.micro",
            "ipv6_address_count": 0,
            "ipv6_addresses": [],
            "key_name": "ovpDevOpsKey",
            "metadata_options": [
              {
                "http_endpoint": "enabled",
                "http_put_response_hop_limit": 1,
                "http_tokens": "optional"
              }
            ],
            "monitoring": false,
            "network_interface": [],
            "outpost_arn": "",
            "password_data": "",
            "placement_group": "",
            "primary_network_interface_id": "eni-0be813daf5a04fec4",
            "private_dns": "ip-10-0-130-70.us-east-2.compute.internal",
            "private_ip": "10.0.130.70",
            "public_dns": "",
            "public_ip": "3.15.223.168",
            "root_block_device": [
              {
                "delete_on_termination": true,
                "device_name": "/dev/xvda",
                "encrypted": false,
                "iops": 100,
                "kms_key_id": "",
                "throughput": 0,
                "volume_id": "vol-0e4efa2b509b1eeaf",
                "volume_size": 8,
                "volume_type": "gp2"
              }
            ],
            "secondary_private_ips": [],
            "security_groups": [],
            "source_dest_check": true,
            "subnet_id": "subnet-0439c21a8b43d0d20",
            "tags": {
              "Role": "WebServerA"
            },
            "tenancy": "default",
            "timeouts": null,
            "user_data": null,
            "user_data_base64": null,
            "volume_tags": {},
            "vpc_security_group_ids": [
              "sg-0e18492b33f4f451f",
              "sg-0e7cfd5da21fba0b0"
            ]
          },
          "private": "eyJlMmJmYjczMC1lY2FhLTExZTYtOGY4OC0zNDM2M2JjN2M0YzAiOnsiY3JlYXRlIjo2MDAwMDAwMDAwMDAsImRlbGV0ZSI6MTIwMDAwMDAwMDAwMCwidXBkYXRlIjo2MDAwMDAwMDAwMDB9LCJzY2hlbWFfdmVyc2lvbiI6IjEifQ==",
          "dependencies": [
            "aws_key_pair.ovpDevOpsKey",
            "aws_security_group.http_access",
            "aws_security_group.internal_access",
            "aws_subnet.subnet_public_az_a",
            "aws_vpc.vpc"
          ]
        }
      ]
    },
    {
      "mode": "managed",
      "type": "aws_instance",
      "name": "web_b",
      "each": "list",
      "provider": "provider.aws",
      "instances": [
        {
          "index_key": 0,
          "schema_version": 1,
          "attributes": {
            "ami": "ami-0a0ad6b70e61be944",
            "arn": "arn:aws:ec2:us-east-2:999329133891:instance/i-04ec548d4a31596e2",
            "associate_public_ip_address": true,
            "availability_zone": "us-east-2b",
            "cpu_core_count": 1,
            "cpu_threads_per_core": 1,
            "credit_specification": [
              {
                "cpu_credits": "standard"
              }
            ],
            "disable_api_termination": false,
            "ebs_block_device": [],
            "ebs_optimized": false,
            "enclave_options": [
              {
                "enabled": false
              }
            ],
            "ephemeral_block_device": [],
            "get_password_data": false,
            "hibernation": false,
            "host_id": null,
            "iam_instance_profile": "",
            "id": "i-04ec548d4a31596e2",
            "instance_initiated_shutdown_behavior": null,
            "instance_state": "running",
            "instance_type": "t2.micro",
            "ipv6_address_count": 0,
            "ipv6_addresses": [],
            "key_name": "ovpDevOpsKey",
            "metadata_options": [
              {
                "http_endpoint": "enabled",
                "http_put_response_hop_limit": 1,
                "http_tokens": "optional"
              }
            ],
            "monitoring": false,
            "network_interface": [],
            "outpost_arn": "",
            "password_data": "",
            "placement_group": "",
            "primary_network_interface_id": "eni-07c5ea47b56643e84",
            "private_dns": "ip-10-0-153-6.us-east-2.compute.internal",
            "private_ip": "10.0.153.6",
            "public_dns": "",
            "public_ip": "18.221.137.210",
            "root_block_device": [
              {
                "delete_on_termination": true,
                "device_name": "/dev/xvda",
                "encrypted": false,
                "iops": 100,
                "kms_key_id": "",
                "throughput": 0,
                "volume_id": "vol-0e832f9ef09bb40f2",
                "volume_size": 8,
                "volume_type": "gp2"
              }
            ],
            "secondary_private_ips": [],
            "security_groups": [],
            "source_dest_check": true,
            "subnet_id": "subnet-0d0c0c4bbfd88f4d9",
            "tags": {
              "Role": "WebServerB"
            },
            "tenancy": "default",
            "timeouts": null,
            "user_data": null,
            "user_data_base64": null,
            "volume_tags": {},
            "vpc_security_group_ids": [
              "sg-0e18492b33f4f451f",
              "sg-0e7cfd5da21fba0b0"
            ]
          },
          "private": "eyJlMmJmYjczMC1lY2FhLTExZTYtOGY4OC0zNDM2M2JjN2M0YzAiOnsiY3JlYXRlIjo2MDAwMDAwMDAwMDAsImRlbGV0ZSI6MTIwMDAwMDAwMDAwMCwidXBkYXRlIjo2MDAwMDAwMDAwMDB9LCJzY2hlbWFfdmVyc2lvbiI6IjEifQ==",
          "dependencies": [
            "aws_key_pair.ovpDevOpsKey",
            "aws_security_group.http_access",
            "aws_security_group.internal_access",
            "aws_subnet.subnet_public_az_b",
            "aws_vpc.vpc"
          ]
        }
      ]
    },
    {
      "mode": "managed",
      "type": "aws_internet_gateway",
      "name": "gw",
      "provider": "provider.aws",
      "instances": [
        {
          "schema_version": 0,
          "attributes": {
            "arn": "arn:aws:ec2:us-east-2:999329133891:internet-gateway/igw-01f8da6727d6ae8af",
            "id": "igw-01f8da6727d6ae8af",
            "owner_id": "999329133891",
            "tags": null,
            "vpc_id": "vpc-0058b920f5c500a0d"
          },
          "private": "bnVsbA==",
          "dependencies": [
            "aws_vpc.vpc"
          ]
        }
      ]
    },
    {
      "mode": "managed",
      "type": "aws_key_pair",
      "name": "ovpDevOpsKey",
      "provider": "provider.aws",
      "instances": [
        {
          "schema_version": 1,
          "attributes": {
            "arn": "arn:aws:ec2:us-east-2:999329133891:key-pair/ovpDevOpsKey",
            "fingerprint": "97:e7:1b:0f:9d:bb:b0:78:9d:fc:de:96:2b:b6:63:34",
            "id": "ovpDevOpsKey",
            "key_name": "ovpDevOpsKey",
            "key_name_prefix": null,
            "key_pair_id": "key-03f7e27ce47bd9871",
            "public_key": "ssh-rsa AAAAB3NzaC1yc2EAAAADAQABAAABAQDgIHoaDYyn8uaeMdWQFj7CFHUjKKkj37tOqfiYBvg6pd6uGEqYOh1xEDz+MCDgIoLf0Mxhz+ai7bfWgGfkPHxIoQMYwxJHOiLIR2nOl5FgTXOJh3DDHJpTxxZtKu2C2v/UjVsETJTK8gPHG4qbZJjIgNLRyax/q8cop9HHIN/IvGnY72UsVn/qjA+ldS+m3p0zpGjix55EtzEgqJX7ZpmmuctKdReGbpCgtk/UWTFhPCX79A1M0Il/hCgbIeNg6i1Vq4USi0r3FFAMztJtARbhVDY+0WOAWZkm1uf8IfT/IcQupx9n2ZbIYBIGaGcU5ivYg/C4nusValQxMiiBoo7D",
            "tags": null
          },
          "private": "eyJzY2hlbWFfdmVyc2lvbiI6IjEifQ=="
        }
      ]
    },
    {
      "mode": "managed",
      "type": "aws_lb_target_group_attachment",
      "name": "attach_web_a",
      "each": "list",
      "provider": "provider.aws",
      "instances": [
        {
          "index_key": 0,
          "schema_version": 0,
          "attributes": {
            "availability_zone": null,
            "id": "arn:aws:elasticloadbalancing:us-east-2:999329133891:targetgroup/target-group-http/c296be3f702d65c5-20210111225104956300000002",
            "port": 8080,
            "target_group_arn": "arn:aws:elasticloadbalancing:us-east-2:999329133891:targetgroup/target-group-http/c296be3f702d65c5",
            "target_id": "i-05dd9eedcbb2997a0"
          },
          "private": "bnVsbA==",
          "dependencies": [
            "aws_alb_target_group.alb_target_group_http",
            "aws_instance.web_a",
            "aws_key_pair.ovpDevOpsKey",
            "aws_security_group.http_access",
            "aws_security_group.internal_access",
            "aws_subnet.subnet_public_az_a",
            "aws_vpc.vpc"
          ]
        }
      ]
    },
    {
      "mode": "managed",
      "type": "aws_lb_target_group_attachment",
      "name": "attach_web_b",
      "each": "list",
      "provider": "provider.aws",
      "instances": [
        {
          "index_key": 0,
          "schema_version": 0,
          "attributes": {
            "availability_zone": null,
            "id": "arn:aws:elasticloadbalancing:us-east-2:999329133891:targetgroup/target-group-http/c296be3f702d65c5-20210111225116945500000003",
            "port": 8080,
            "target_group_arn": "arn:aws:elasticloadbalancing:us-east-2:999329133891:targetgroup/target-group-http/c296be3f702d65c5",
            "target_id": "i-04ec548d4a31596e2"
          },
          "private": "bnVsbA==",
          "dependencies": [
            "aws_alb_target_group.alb_target_group_http",
            "aws_instance.web_b",
            "aws_key_pair.ovpDevOpsKey",
            "aws_security_group.http_access",
            "aws_security_group.internal_access",
            "aws_subnet.subnet_public_az_b",
            "aws_vpc.vpc"
          ]
        }
      ]
    },
    {
      "mode": "managed",
      "type": "aws_route",
      "name": "internet_access",
      "provider": "provider.aws",
      "instances": [
        {
          "schema_version": 0,
          "attributes": {
            "destination_cidr_block": "0.0.0.0/0",
            "destination_ipv6_cidr_block": "",
            "destination_prefix_list_id": "",
            "egress_only_gateway_id": "",
            "gateway_id": "igw-01f8da6727d6ae8af",
            "id": "r-rtb-0cbbe18b74c25d3761080289494",
            "instance_id": "",
            "instance_owner_id": "",
            "local_gateway_id": "",
            "nat_gateway_id": "",
            "network_interface_id": "",
            "origin": "CreateRoute",
            "route_table_id": "rtb-0cbbe18b74c25d376",
            "state": "active",
            "timeouts": null,
            "transit_gateway_id": "",
            "vpc_endpoint_id": null,
            "vpc_peering_connection_id": ""
          },
          "private": "eyJlMmJmYjczMC1lY2FhLTExZTYtOGY4OC0zNDM2M2JjN2M0YzAiOnsiY3JlYXRlIjoxMjAwMDAwMDAwMDAsImRlbGV0ZSI6MzAwMDAwMDAwMDAwfX0=",
          "dependencies": [
            "aws_internet_gateway.gw",
            "aws_route_table.internet_access",
            "aws_vpc.vpc"
          ]
        }
      ]
    },
    {
      "mode": "managed",
      "type": "aws_route53_record",
      "name": "A",
      "provider": "provider.aws",
      "instances": [
        {
          "schema_version": 2,
          "attributes": {
            "alias": [
              {
                "evaluate_target_health": true,
                "name": "alb-874730697.us-east-2.elb.amazonaws.com",
                "zone_id": "Z3AADJGX6KTTL2"
              }
            ],
            "allow_overwrite": null,
            "failover_routing_policy": [],
            "fqdn": "ovpdevops.xyz",
            "geolocation_routing_policy": [],
            "health_check_id": null,
            "id": "Z02239512AES60BF6BHZD_ovpdevops.xyz_A",
            "latency_routing_policy": [],
            "multivalue_answer_routing_policy": null,
            "name": "ovpdevops.xyz",
            "records": null,
            "set_identifier": null,
            "ttl": null,
            "type": "A",
            "weighted_routing_policy": [],
            "zone_id": "Z02239512AES60BF6BHZD"
          },
          "private": "eyJzY2hlbWFfdmVyc2lvbiI6IjIifQ==",
          "dependencies": [
            "aws_alb.alb",
            "aws_route53_zone.zone",
            "aws_security_group.https_access",
            "aws_subnet.subnet_public_az_a",
            "aws_subnet.subnet_public_az_b",
            "aws_vpc.vpc"
          ]
        }
      ]
    },
    {
      "mode": "managed",
      "type": "aws_route53_record",
      "name": "A_www",
      "provider": "provider.aws",
      "instances": [
        {
          "schema_version": 2,
          "attributes": {
            "alias": [
              {
                "evaluate_target_health": true,
                "name": "alb-874730697.us-east-2.elb.amazonaws.com",
                "zone_id": "Z3AADJGX6KTTL2"
              }
            ],
            "allow_overwrite": null,
            "failover_routing_policy": [],
            "fqdn": "www.ovpdevops.xyz",
            "geolocation_routing_policy": [],
            "health_check_id": null,
            "id": "Z02239512AES60BF6BHZD_www.ovpdevops.xyz_A",
            "latency_routing_policy": [],
            "multivalue_answer_routing_policy": null,
            "name": "www.ovpdevops.xyz",
            "records": null,
            "set_identifier": null,
            "ttl": null,
            "type": "A",
            "weighted_routing_policy": [],
            "zone_id": "Z02239512AES60BF6BHZD"
          },
          "private": "eyJzY2hlbWFfdmVyc2lvbiI6IjIifQ==",
          "dependencies": [
            "aws_alb.alb",
            "aws_route53_zone.zone",
            "aws_security_group.https_access",
            "aws_subnet.subnet_public_az_a",
            "aws_subnet.subnet_public_az_b",
            "aws_vpc.vpc"
          ]
        }
      ]
    },
    {
      "mode": "managed",
      "type": "aws_route53_zone",
      "name": "zone",
      "provider": "provider.aws",
      "instances": [
        {
          "schema_version": 0,
          "attributes": {
            "comment": "Managed by Terraform",
            "delegation_set_id": "",
            "force_destroy": false,
            "id": "Z02239512AES60BF6BHZD",
            "name": "ovpdevops.xyz",
            "name_servers": [
              "ns-1165.awsdns-17.org",
              "ns-164.awsdns-20.com",
              "ns-2026.awsdns-61.co.uk",
              "ns-742.awsdns-28.net"
            ],
            "tags": null,
            "vpc": [],
            "zone_id": "Z02239512AES60BF6BHZD"
          },
          "private": "bnVsbA=="
        }
      ]
    },
    {
      "mode": "managed",
      "type": "aws_route_table",
      "name": "internet_access",
      "provider": "provider.aws",
      "instances": [
        {
          "schema_version": 0,
          "attributes": {
            "id": "rtb-0cbbe18b74c25d376",
            "owner_id": "999329133891",
            "propagating_vgws": [],
            "route": [],
            "tags": {
              "Name": "ovpdevops-public-routetable"
            },
            "vpc_id": "vpc-0058b920f5c500a0d"
          },
          "private": "bnVsbA==",
          "dependencies": [
            "aws_vpc.vpc"
          ]
        }
      ]
    },
    {
      "mode": "managed",
      "type": "aws_route_table_association",
      "name": "association_a",
      "provider": "provider.aws",
      "instances": [
        {
          "schema_version": 0,
          "attributes": {
            "gateway_id": null,
            "id": "rtbassoc-05c9cd3c61a389a60",
            "route_table_id": "rtb-0cbbe18b74c25d376",
            "subnet_id": "subnet-0439c21a8b43d0d20"
          },
          "private": "bnVsbA==",
          "dependencies": [
            "aws_route_table.internet_access",
            "aws_subnet.subnet_public_az_a",
            "aws_vpc.vpc"
          ]
        }
      ]
    },
    {
      "mode": "managed",
      "type": "aws_route_table_association",
      "name": "association_b",
      "provider": "provider.aws",
      "instances": [
        {
          "schema_version": 0,
          "attributes": {
            "gateway_id": null,
            "id": "rtbassoc-0c801aa6fa9f171ed",
            "route_table_id": "rtb-0cbbe18b74c25d376",
            "subnet_id": "subnet-0d0c0c4bbfd88f4d9"
          },
          "private": "bnVsbA==",
          "dependencies": [
            "aws_route_table.internet_access",
            "aws_subnet.subnet_public_az_b",
            "aws_vpc.vpc"
          ]
        }
      ]
    },
    {
      "mode": "managed",
      "type": "aws_security_group",
      "name": "http_access",
      "provider": "provider.aws",
      "instances": [
        {
          "schema_version": 1,
          "attributes": {
            "arn": "arn:aws:ec2:us-east-2:999329133891:security-group/sg-0e7cfd5da21fba0b0",
            "description": "Provides web access from the internet",
            "egress": [
              {
                "cidr_blocks": [
                  "0.0.0.0/0"
                ],
                "description": "",
                "from_port": 0,
                "ipv6_cidr_blocks": [],
                "prefix_list_ids": [],
                "protocol": "-1",
                "security_groups": [],
                "self": false,
                "to_port": 0
              }
            ],
            "id": "sg-0e7cfd5da21fba0b0",
            "ingress": [
              {
                "cidr_blocks": [
                  "0.0.0.0/0"
                ],
                "description": "",
                "from_port": 8080,
                "ipv6_cidr_blocks": [],
                "prefix_list_ids": [],
                "protocol": "tcp",
                "security_groups": [],
                "self": false,
                "to_port": 8080
              }
            ],
            "name": "http_access",
            "name_prefix": "",
            "owner_id": "999329133891",
            "revoke_rules_on_delete": false,
            "tags": null,
            "timeouts": null,
            "vpc_id": "vpc-0058b920f5c500a0d"
          },
          "private": "eyJlMmJmYjczMC1lY2FhLTExZTYtOGY4OC0zNDM2M2JjN2M0YzAiOnsiY3JlYXRlIjo2MDAwMDAwMDAwMDAsImRlbGV0ZSI6NjAwMDAwMDAwMDAwfSwic2NoZW1hX3ZlcnNpb24iOiIxIn0=",
          "dependencies": [
            "aws_vpc.vpc"
          ]
        }
      ]
    },
    {
      "mode": "managed",
      "type": "aws_security_group",
      "name": "https_access",
      "provider": "provider.aws",
      "instances": [
        {
          "schema_version": 1,
          "attributes": {
            "arn": "arn:aws:ec2:us-east-2:999329133891:security-group/sg-05da8877703c31dff",
            "description": "Provides web access from the internet",
            "egress": [
              {
                "cidr_blocks": [
                  "0.0.0.0/0"
                ],
                "description": "",
                "from_port": 0,
                "ipv6_cidr_blocks": [],
                "prefix_list_ids": [],
                "protocol": "-1",
                "security_groups": [],
                "self": false,
                "to_port": 0
              }
            ],
            "id": "sg-05da8877703c31dff",
            "ingress": [
              {
                "cidr_blocks": [
                  "0.0.0.0/0"
                ],
                "description": "",
                "from_port": 443,
                "ipv6_cidr_blocks": [],
                "prefix_list_ids": [],
                "protocol": "tcp",
                "security_groups": [],
                "self": false,
                "to_port": 443
              }
            ],
            "name": "https_access",
            "name_prefix": "",
            "owner_id": "999329133891",
            "revoke_rules_on_delete": false,
            "tags": null,
            "timeouts": null,
            "vpc_id": "vpc-0058b920f5c500a0d"
          },
          "private": "eyJlMmJmYjczMC1lY2FhLTExZTYtOGY4OC0zNDM2M2JjN2M0YzAiOnsiY3JlYXRlIjo2MDAwMDAwMDAwMDAsImRlbGV0ZSI6NjAwMDAwMDAwMDAwfSwic2NoZW1hX3ZlcnNpb24iOiIxIn0=",
          "dependencies": [
            "aws_vpc.vpc"
          ]
        }
      ]
    },
    {
      "mode": "managed",
      "type": "aws_security_group",
      "name": "internal_access",
      "provider": "provider.aws",
      "instances": [
        {
          "schema_version": 1,
          "attributes": {
            "arn": "arn:aws:ec2:us-east-2:999329133891:security-group/sg-0e18492b33f4f451f",
            "description": "Provides web and SSH access",
            "egress": [
              {
                "cidr_blocks": [
                  "0.0.0.0/0"
                ],
                "description": "",
                "from_port": 0,
                "ipv6_cidr_blocks": [],
                "prefix_list_ids": [],
                "protocol": "-1",
                "security_groups": [],
                "self": false,
                "to_port": 0
              }
            ],
            "id": "sg-0e18492b33f4f451f",
            "ingress": [
              {
                "cidr_blocks": [
                  "0.0.0.0/0"
                ],
                "description": "",
                "from_port": 22,
                "ipv6_cidr_blocks": [],
                "prefix_list_ids": [],
                "protocol": "tcp",
                "security_groups": [],
                "self": false,
                "to_port": 22
              }
            ],
            "name": "internal_access",
            "name_prefix": "",
            "owner_id": "999329133891",
            "revoke_rules_on_delete": false,
            "tags": null,
            "timeouts": null,
            "vpc_id": "vpc-0058b920f5c500a0d"
          },
          "private": "eyJlMmJmYjczMC1lY2FhLTExZTYtOGY4OC0zNDM2M2JjN2M0YzAiOnsiY3JlYXRlIjo2MDAwMDAwMDAwMDAsImRlbGV0ZSI6NjAwMDAwMDAwMDAwfSwic2NoZW1hX3ZlcnNpb24iOiIxIn0=",
          "dependencies": [
            "aws_vpc.vpc"
          ]
        }
      ]
    },
    {
      "mode": "managed",
      "type": "aws_security_group",
      "name": "prometheus_access",
      "provider": "provider.aws",
      "instances": [
        {
          "schema_version": 1,
          "attributes": {
            "arn": "arn:aws:ec2:us-east-2:999329133891:security-group/sg-0ea8e10dc0d369a80",
            "description": "Security group for prometheus",
            "egress": [
              {
                "cidr_blocks": [
                  "0.0.0.0/0"
                ],
                "description": "",
                "from_port": 0,
                "ipv6_cidr_blocks": [],
                "prefix_list_ids": [],
                "protocol": "-1",
                "security_groups": [],
                "self": false,
                "to_port": 0
              }
            ],
            "id": "sg-0ea8e10dc0d369a80",
            "ingress": [
              {
                "cidr_blocks": [
                  "0.0.0.0/0"
                ],
                "description": "",
                "from_port": 3000,
                "ipv6_cidr_blocks": [],
                "prefix_list_ids": [],
                "protocol": "tcp",
                "security_groups": [],
                "self": false,
                "to_port": 3000
              },
              {
                "cidr_blocks": [
                  "0.0.0.0/0"
                ],
                "description": "",
                "from_port": 9090,
                "ipv6_cidr_blocks": [],
                "prefix_list_ids": [],
                "protocol": "tcp",
                "security_groups": [],
                "self": false,
                "to_port": 9090
              },
              {
                "cidr_blocks": [
                  "0.0.0.0/0"
                ],
                "description": "",
                "from_port": 9100,
                "ipv6_cidr_blocks": [],
                "prefix_list_ids": [],
                "protocol": "tcp",
                "security_groups": [],
                "self": false,
                "to_port": 9100
              }
            ],
            "name": "prometheus_security_group",
            "name_prefix": "",
            "owner_id": "999329133891",
            "revoke_rules_on_delete": false,
            "tags": null,
            "timeouts": null,
            "vpc_id": "vpc-0058b920f5c500a0d"
          },
          "private": "eyJlMmJmYjczMC1lY2FhLTExZTYtOGY4OC0zNDM2M2JjN2M0YzAiOnsiY3JlYXRlIjo2MDAwMDAwMDAwMDAsImRlbGV0ZSI6NjAwMDAwMDAwMDAwfSwic2NoZW1hX3ZlcnNpb24iOiIxIn0=",
          "dependencies": [
            "aws_vpc.vpc"
          ]
        }
      ]
    },
    {
      "mode": "managed",
      "type": "aws_subnet",
      "name": "subnet_public_az_a",
      "provider": "provider.aws",
      "instances": [
        {
          "schema_version": 1,
          "attributes": {
            "arn": "arn:aws:ec2:us-east-2:999329133891:subnet/subnet-0439c21a8b43d0d20",
            "assign_ipv6_address_on_creation": false,
            "availability_zone": "us-east-2a",
            "availability_zone_id": "use2-az1",
            "cidr_block": "10.0.128.0/20",
            "id": "subnet-0439c21a8b43d0d20",
            "ipv6_cidr_block": "",
            "ipv6_cidr_block_association_id": "",
            "map_public_ip_on_launch": true,
            "outpost_arn": "",
            "owner_id": "999329133891",
            "tags": null,
            "timeouts": null,
            "vpc_id": "vpc-0058b920f5c500a0d"
          },
          "private": "eyJlMmJmYjczMC1lY2FhLTExZTYtOGY4OC0zNDM2M2JjN2M0YzAiOnsiY3JlYXRlIjo2MDAwMDAwMDAwMDAsImRlbGV0ZSI6MTIwMDAwMDAwMDAwMH0sInNjaGVtYV92ZXJzaW9uIjoiMSJ9",
          "dependencies": [
            "aws_vpc.vpc"
          ]
        }
      ]
    },
    {
      "mode": "managed",
      "type": "aws_subnet",
      "name": "subnet_public_az_b",
      "provider": "provider.aws",
      "instances": [
        {
          "schema_version": 1,
          "attributes": {
            "arn": "arn:aws:ec2:us-east-2:999329133891:subnet/subnet-0d0c0c4bbfd88f4d9",
            "assign_ipv6_address_on_creation": false,
            "availability_zone": "us-east-2b",
            "availability_zone_id": "use2-az2",
            "cidr_block": "10.0.144.0/20",
            "id": "subnet-0d0c0c4bbfd88f4d9",
            "ipv6_cidr_block": "",
            "ipv6_cidr_block_association_id": "",
            "map_public_ip_on_launch": true,
            "outpost_arn": "",
            "owner_id": "999329133891",
            "tags": null,
            "timeouts": null,
            "vpc_id": "vpc-0058b920f5c500a0d"
          },
          "private": "eyJlMmJmYjczMC1lY2FhLTExZTYtOGY4OC0zNDM2M2JjN2M0YzAiOnsiY3JlYXRlIjo2MDAwMDAwMDAwMDAsImRlbGV0ZSI6MTIwMDAwMDAwMDAwMH0sInNjaGVtYV92ZXJzaW9uIjoiMSJ9",
          "dependencies": [
            "aws_vpc.vpc"
          ]
        }
      ]
    },
    {
      "mode": "managed",
      "type": "aws_vpc",
      "name": "vpc",
      "provider": "provider.aws",
      "instances": [
        {
          "schema_version": 1,
          "attributes": {
            "arn": "arn:aws:ec2:us-east-2:999329133891:vpc/vpc-0058b920f5c500a0d",
            "assign_generated_ipv6_cidr_block": false,
            "cidr_block": "10.0.0.0/16",
            "default_network_acl_id": "acl-01d07b0ea8797b85a",
            "default_route_table_id": "rtb-0858ac9764aca7a45",
            "default_security_group_id": "sg-04419520d1fb53379",
            "dhcp_options_id": "dopt-1fdf5b74",
            "enable_classiclink": null,
            "enable_classiclink_dns_support": null,
            "enable_dns_hostnames": false,
            "enable_dns_support": true,
            "id": "vpc-0058b920f5c500a0d",
            "instance_tenancy": "default",
            "ipv6_association_id": "",
            "ipv6_cidr_block": "",
            "main_route_table_id": "rtb-0858ac9764aca7a45",
            "owner_id": "999329133891",
            "tags": null
          },
          "private": "eyJzY2hlbWFfdmVyc2lvbiI6IjEifQ=="
        }
      ]
    }
  ]
}
